// !$*UTF8*$!
{
	archiveVersion = 1;
	classes = {
	};
	objectVersion = 52;
	objects = {

/* Begin PBXBuildFile section */
		0207DA581B56EA530066E2B4 /* Images.xcassets in Resources */ = {isa = PBXBuildFile; fileRef = 0207DA571B56EA530066E2B4 /* Images.xcassets */; };
		040AF94137514BA9B3B37233 /* CDVLocalFilesystem.m in Sources */ = {isa = PBXBuildFile; fileRef = DBDC25C618274673AEE12AEA /* CDVLocalFilesystem.m */; };
		07CC5ACBE8C74A3784E9B475 /* CDVWKProcessPoolFactory.m in Sources */ = {isa = PBXBuildFile; fileRef = 6050BD0F88FD4B689B35138F /* CDVWKProcessPoolFactory.m */; };
		0D7754DF444C48BDA254B4DB /* CDVStatusBar.m in Sources */ = {isa = PBXBuildFile; fileRef = B9100195DE954165BCCDC61F /* CDVStatusBar.m */; };
		0E5B21C316684078913F664B /* CDVWKWebViewEngine.m in Sources */ = {isa = PBXBuildFile; fileRef = 06471F51DE82406CBDA31ADE /* CDVWKWebViewEngine.m */; };
		1D3623260D0F684500981E51 /* AppDelegate.m in Sources */ = {isa = PBXBuildFile; fileRef = 1D3623250D0F684500981E51 /* AppDelegate.m */; };
		1D60589B0D05DD56006BFB54 /* main.m in Sources */ = {isa = PBXBuildFile; fileRef = 29B97316FDCFA39411CA2CEA /* main.m */; };
		2BC79139E8A74BF5BEFC00D0 /* CDVFile.m in Sources */ = {isa = PBXBuildFile; fileRef = D65DA9DA70C54AA08C846981 /* CDVFile.m */; };
		301BF552109A68D80062928A /* libCordova.a in Frameworks */ = {isa = PBXBuildFile; fileRef = 301BF535109A57CC0062928A /* libCordova.a */; settings = {ATTRIBUTES = (Required, ); }; };
		302D95F114D2391D003F00A1 /* MainViewController.m in Sources */ = {isa = PBXBuildFile; fileRef = 302D95EF14D2391D003F00A1 /* MainViewController.m */; };
		302D95F214D2391D003F00A1 /* MainViewController.xib in Resources */ = {isa = PBXBuildFile; fileRef = 302D95F014D2391D003F00A1 /* MainViewController.xib */; };
		310E6DD15DFB4B9E98291660 /* IONAssetHandler.m in Sources */ = {isa = PBXBuildFile; fileRef = 8DEF03DE8C6E4F769963C7A7 /* IONAssetHandler.m */; };
		347C97A5159A45D190094C59 /* AVFoundation.framework in Frameworks */ = {isa = PBXBuildFile; fileRef = 03168446BA85491FBEF499E7 /* AVFoundation.framework */; };
		3722B0FFD2284081B681E4C5 /* FirebaseMessagingPlugin.m in Sources */ = {isa = PBXBuildFile; fileRef = 095831EE83EE4B9D9D7FD01C /* FirebaseMessagingPlugin.m */; };
		3FDADFBEFEE148FBBB40F321 /* AppDelegate+FirebaseMessagingPlugin.m in Sources */ = {isa = PBXBuildFile; fileRef = FA61D607C1E94BB6A7D6942F /* AppDelegate+FirebaseMessagingPlugin.m */; };
		46EC42B6AE9E413B97FB2D21 /* Stripe.framework in Frameworks */ = {isa = PBXBuildFile; fileRef = 7352E9A3952A475F82B048E4 /* Stripe.framework */; };
		49B1E8B0FDC54539AAECDB15 /* ThemeDetection.swift in Sources */ = {isa = PBXBuildFile; fileRef = 3145BFFB3D40459D9FEEABB6 /* ThemeDetection.swift */; };
		4CE8228881FB479E8A8EAE44 /* WebKit.framework in Frameworks */ = {isa = PBXBuildFile; fileRef = 0D0F7BE512E442398B1190F4 /* WebKit.framework */; settings = {ATTRIBUTES = (Weak, ); }; };
		69300784814147CCB17AF803 /* CDVWKWebViewUIDelegate.m in Sources */ = {isa = PBXBuildFile; fileRef = 015F244C08C24ECB825D64F0 /* CDVWKWebViewUIDelegate.m */; };
		6AFF5BF91D6E424B00AB3073 /* CDVLaunchScreen.storyboard in Resources */ = {isa = PBXBuildFile; fileRef = 6AFF5BF81D6E424B00AB3073 /* CDVLaunchScreen.storyboard */; };
		8126C5257A514FCD9D3B1ED1 /* CDVCamera.m in Sources */ = {isa = PBXBuildFile; fileRef = F8A4E38712E0476998BF0ADC /* CDVCamera.m */; };
		8593EB13DAC34D97A10D374B /* Main.m in Sources */ = {isa = PBXBuildFile; fileRef = 06FEFEF255674F6FAFA63C92 /* Main.m */; };
		8AEB097DD87143A3A628202E /* CDVIonicKeyboard.m in Sources */ = {isa = PBXBuildFile; fileRef = 3B452ACBAB6847A3B6AA6080 /* CDVIonicKeyboard.m */; };
		91799AC4D39242C08BA66F42 /* CoreLocation.framework in Frameworks */ = {isa = PBXBuildFile; fileRef = CD40C4EF85994CDFB5A29C25 /* CoreLocation.framework */; };
		920C1B6EC35F4AFE94AC7335 /* CDVJpegHeaderWriter.m in Sources */ = {isa = PBXBuildFile; fileRef = DA15EE56D3DD4B3695A8CC9A /* CDVJpegHeaderWriter.m */; };
		ABE3B448B9674A42AE3A8348 /* ImageIO.framework in Frameworks */ = {isa = PBXBuildFile; fileRef = 3B261DB8F32842C6AE720F36 /* ImageIO.framework */; settings = {ATTRIBUTES = (Weak, ); }; };
		AD4C0DD759434E728F199A3A /* CordovaStripe.m in Sources */ = {isa = PBXBuildFile; fileRef = 4AC2CF97D5F74E768411C010 /* CordovaStripe.m */; };
		B1EB5550CB844FCBB6E578BA /* GoogleService-Info.plist in Resources */ = {isa = PBXBuildFile; fileRef = 5393B6804A094D6C833A70B3 /* GoogleService-Info.plist */; };
		E3D811F3071642A4BF7B8DE8 /* CDVAssetLibraryFilesystem.m in Sources */ = {isa = PBXBuildFile; fileRef = 66F8982F33A344AF989A8FFE /* CDVAssetLibraryFilesystem.m */; };
		E549A15C724D42229A31C3A6 /* SystemConfiguration.framework in Frameworks */ = {isa = PBXBuildFile; fileRef = 4AE5A9F4DC9D4D2196D3339F /* SystemConfiguration.framework */; };
		E9D7ED682C7C4F8AA8DDCC21 /* UIImage+CropScaleOrientation.m in Sources */ = {isa = PBXBuildFile; fileRef = E2384725B1534B139C624C78 /* UIImage+CropScaleOrientation.m */; };
		EE9F4AA386E84B8F897698AF /* CDVDevice.m in Sources */ = {isa = PBXBuildFile; fileRef = 9BFAAFE8F7314F9CBCC9BA94 /* CDVDevice.m */; };
		F0FB58CC9D87AA396180BB09 /* Pods_SNTC_Rice_Sourcing.framework in Frameworks */ = {isa = PBXBuildFile; fileRef = 63C6E733E1F84BEF284A55FA /* Pods_SNTC_Rice_Sourcing.framework */; };
		FFAB96A575314F5BBA156169 /* CoreTelephony.framework in Frameworks */ = {isa = PBXBuildFile; fileRef = 295CA7750C484CB4BA457798 /* CoreTelephony.framework */; };
/* End PBXBuildFile section */

/* Begin PBXContainerItemProxy section */
		301BF534109A57CC0062928A /* PBXContainerItemProxy */ = {
			isa = PBXContainerItemProxy;
			containerPortal = 301BF52D109A57CC0062928A /* CordovaLib.xcodeproj */;
			proxyType = 2;
			remoteGlobalIDString = D2AAC07E0554694100DB518D;
			remoteInfo = CordovaLib;
		};
		301BF550109A68C00062928A /* PBXContainerItemProxy */ = {
			isa = PBXContainerItemProxy;
			containerPortal = 301BF52D109A57CC0062928A /* CordovaLib.xcodeproj */;
			proxyType = 1;
			remoteGlobalIDString = D2AAC07D0554694100DB518D;
			remoteInfo = CordovaLib;
		};
		907D8123214C687600058A10 /* PBXContainerItemProxy */ = {
			isa = PBXContainerItemProxy;
			containerPortal = 301BF52D109A57CC0062928A /* CordovaLib.xcodeproj */;
			proxyType = 2;
			remoteGlobalIDString = C0C01EB21E3911D50056E6CB;
			remoteInfo = Cordova;
		};
/* End PBXContainerItemProxy section */

/* Begin PBXFileReference section */
		015F244C08C24ECB825D64F0 /* CDVWKWebViewUIDelegate.m */ = {isa = PBXFileReference; explicitFileType = undefined; fileEncoding = 4; includeInIndex = 0; lastKnownFileType = sourcecode.c.objc; name = CDVWKWebViewUIDelegate.m; path = "cordova-plugin-ionic-webview/CDVWKWebViewUIDelegate.m"; sourceTree = "<group>"; };
		0207DA571B56EA530066E2B4 /* Images.xcassets */ = {isa = PBXFileReference; lastKnownFileType = folder.assetcatalog; name = Images.xcassets; path = "SNTC Rice Sourcing/Images.xcassets"; sourceTree = SOURCE_ROOT; };
		03168446BA85491FBEF499E7 /* AVFoundation.framework */ = {isa = PBXFileReference; explicitFileType = undefined; fileEncoding = 9; includeInIndex = 0; lastKnownFileType = wrapper.framework; name = AVFoundation.framework; path = System/Library/Frameworks/AVFoundation.framework; sourceTree = SDKROOT; };
		06471F51DE82406CBDA31ADE /* CDVWKWebViewEngine.m */ = {isa = PBXFileReference; explicitFileType = undefined; fileEncoding = 4; includeInIndex = 0; lastKnownFileType = sourcecode.c.objc; name = CDVWKWebViewEngine.m; path = "cordova-plugin-ionic-webview/CDVWKWebViewEngine.m"; sourceTree = "<group>"; };
		06FEFEF255674F6FAFA63C92 /* Main.m */ = {isa = PBXFileReference; explicitFileType = undefined; fileEncoding = 4; includeInIndex = 0; lastKnownFileType = sourcecode.c.objc; name = Main.m; path = com.razorpay.cordova/Main.m; sourceTree = "<group>"; };
		095831EE83EE4B9D9D7FD01C /* FirebaseMessagingPlugin.m */ = {isa = PBXFileReference; explicitFileType = undefined; fileEncoding = 4; includeInIndex = 0; lastKnownFileType = sourcecode.c.objc; name = FirebaseMessagingPlugin.m; path = "cordova-plugin-firebase-messaging/FirebaseMessagingPlugin.m"; sourceTree = "<group>"; };
		0D0F7BE512E442398B1190F4 /* WebKit.framework */ = {isa = PBXFileReference; explicitFileType = undefined; fileEncoding = 9; includeInIndex = 0; lastKnownFileType = wrapper.framework; name = WebKit.framework; path = System/Library/Frameworks/WebKit.framework; sourceTree = SDKROOT; };
		1722582389904AAC82868432 /* CDVLocalFilesystem.h */ = {isa = PBXFileReference; explicitFileType = undefined; fileEncoding = 4; includeInIndex = 0; lastKnownFileType = sourcecode.c.h; name = CDVLocalFilesystem.h; path = "cordova-plugin-file/CDVLocalFilesystem.h"; sourceTree = "<group>"; };
		1D3623240D0F684500981E51 /* AppDelegate.h */ = {isa = PBXFileReference; fileEncoding = 4; lastKnownFileType = sourcecode.c.h; path = AppDelegate.h; sourceTree = "<group>"; };
		1D3623250D0F684500981E51 /* AppDelegate.m */ = {isa = PBXFileReference; fileEncoding = 4; lastKnownFileType = sourcecode.c.objc; path = AppDelegate.m; sourceTree = "<group>"; };
		1D6058910D05DD3D006BFB54 /* SNTC Rice Sourcing.app */ = {isa = PBXFileReference; explicitFileType = wrapper.application; includeInIndex = 0; path = "SNTC Rice Sourcing.app"; sourceTree = BUILT_PRODUCTS_DIR; };
		22E691B27C9547D29E1BC42D /* CDVDevice.h */ = {isa = PBXFileReference; explicitFileType = undefined; fileEncoding = 4; includeInIndex = 0; lastKnownFileType = sourcecode.c.h; name = CDVDevice.h; path = "cordova-plugin-device/CDVDevice.h"; sourceTree = "<group>"; };
		295CA7750C484CB4BA457798 /* CoreTelephony.framework */ = {isa = PBXFileReference; explicitFileType = undefined; fileEncoding = 9; includeInIndex = 0; lastKnownFileType = wrapper.framework; name = CoreTelephony.framework; path = System/Library/Frameworks/CoreTelephony.framework; sourceTree = SDKROOT; };
		29B97316FDCFA39411CA2CEA /* main.m */ = {isa = PBXFileReference; fileEncoding = 4; lastKnownFileType = sourcecode.c.objc; path = main.m; sourceTree = "<group>"; };
		301BF52D109A57CC0062928A /* CordovaLib.xcodeproj */ = {isa = PBXFileReference; lastKnownFileType = "wrapper.pb-project"; name = CordovaLib.xcodeproj; path = CordovaLib/CordovaLib.xcodeproj; sourceTree = "<group>"; };
		301BF56E109A69640062928A /* www */ = {isa = PBXFileReference; lastKnownFileType = folder; path = www; sourceTree = SOURCE_ROOT; };
		302D95EE14D2391D003F00A1 /* MainViewController.h */ = {isa = PBXFileReference; fileEncoding = 4; lastKnownFileType = sourcecode.c.h; path = MainViewController.h; sourceTree = "<group>"; };
		302D95EF14D2391D003F00A1 /* MainViewController.m */ = {isa = PBXFileReference; fileEncoding = 4; lastKnownFileType = sourcecode.c.objc; path = MainViewController.m; sourceTree = "<group>"; };
		302D95F014D2391D003F00A1 /* MainViewController.xib */ = {isa = PBXFileReference; fileEncoding = 4; lastKnownFileType = file.xib; path = MainViewController.xib; sourceTree = "<group>"; };
		3047A50F1AB8059700498E2A /* build-debug.xcconfig */ = {isa = PBXFileReference; fileEncoding = 4; lastKnownFileType = text.xcconfig; name = "build-debug.xcconfig"; path = "cordova/build-debug.xcconfig"; sourceTree = SOURCE_ROOT; };
		3047A5101AB8059700498E2A /* build-release.xcconfig */ = {isa = PBXFileReference; fileEncoding = 4; lastKnownFileType = text.xcconfig; name = "build-release.xcconfig"; path = "cordova/build-release.xcconfig"; sourceTree = SOURCE_ROOT; };
		3047A5111AB8059700498E2A /* build.xcconfig */ = {isa = PBXFileReference; fileEncoding = 4; lastKnownFileType = text.xcconfig; name = build.xcconfig; path = cordova/build.xcconfig; sourceTree = SOURCE_ROOT; };
		3145BFFB3D40459D9FEEABB6 /* ThemeDetection.swift */ = {isa = PBXFileReference; explicitFileType = undefined; fileEncoding = 4; includeInIndex = 0; lastKnownFileType = sourcecode.swift; name = ThemeDetection.swift; path = "cordova-plugin-theme-detection/ThemeDetection.swift"; sourceTree = "<group>"; };
		32CA4F630368D1EE00C91783 /* SNTC Rice Sourcing-Prefix.pch */ = {isa = PBXFileReference; fileEncoding = 4; lastKnownFileType = sourcecode.c.h; path = "SNTC Rice Sourcing-Prefix.pch"; sourceTree = "<group>"; };
		33B2DECABB8F495ED0248D16 /* Pods-SNTC Rice Sourcing.release.xcconfig */ = {isa = PBXFileReference; includeInIndex = 1; lastKnownFileType = text.xcconfig; name = "Pods-SNTC Rice Sourcing.release.xcconfig"; path = "Target Support Files/Pods-SNTC Rice Sourcing/Pods-SNTC Rice Sourcing.release.xcconfig"; sourceTree = "<group>"; };
		3B1A4BCF6C53C477DD041155 /* Pods-SNTC Rice Sourcing.debug.xcconfig */ = {isa = PBXFileReference; includeInIndex = 1; lastKnownFileType = text.xcconfig; name = "Pods-SNTC Rice Sourcing.debug.xcconfig"; path = "Target Support Files/Pods-SNTC Rice Sourcing/Pods-SNTC Rice Sourcing.debug.xcconfig"; sourceTree = "<group>"; };
		3B261DB8F32842C6AE720F36 /* ImageIO.framework */ = {isa = PBXFileReference; explicitFileType = undefined; fileEncoding = 9; includeInIndex = 0; lastKnownFileType = wrapper.framework; name = ImageIO.framework; path = System/Library/Frameworks/ImageIO.framework; sourceTree = SDKROOT; };
		3B452ACBAB6847A3B6AA6080 /* CDVIonicKeyboard.m */ = {isa = PBXFileReference; explicitFileType = undefined; fileEncoding = 4; includeInIndex = 0; lastKnownFileType = sourcecode.c.objc; name = CDVIonicKeyboard.m; path = "cordova-plugin-ionic-keyboard/CDVIonicKeyboard.m"; sourceTree = "<group>"; };
		456F3625EB1B4419B4575F9A /* CordovaStripe.h */ = {isa = PBXFileReference; explicitFileType = undefined; fileEncoding = 4; includeInIndex = 0; lastKnownFileType = sourcecode.c.h; name = CordovaStripe.h; path = "cordova-plugin-stripe/CordovaStripe.h"; sourceTree = "<group>"; };
		4AC2CF97D5F74E768411C010 /* CordovaStripe.m */ = {isa = PBXFileReference; explicitFileType = undefined; fileEncoding = 4; includeInIndex = 0; lastKnownFileType = sourcecode.c.objc; name = CordovaStripe.m; path = "cordova-plugin-stripe/CordovaStripe.m"; sourceTree = "<group>"; };
		4AE5A9F4DC9D4D2196D3339F /* SystemConfiguration.framework */ = {isa = PBXFileReference; explicitFileType = undefined; fileEncoding = 9; includeInIndex = 0; lastKnownFileType = wrapper.framework; name = SystemConfiguration.framework; path = System/Library/Frameworks/SystemConfiguration.framework; sourceTree = SDKROOT; };
		5393B6804A094D6C833A70B3 /* GoogleService-Info.plist */ = {isa = PBXFileReference; explicitFileType = undefined; fileEncoding = 4; includeInIndex = 0; lastKnownFileType = text.plist.xml; path = "GoogleService-Info.plist"; sourceTree = "<group>"; };
		6050BD0F88FD4B689B35138F /* CDVWKProcessPoolFactory.m */ = {isa = PBXFileReference; explicitFileType = undefined; fileEncoding = 4; includeInIndex = 0; lastKnownFileType = sourcecode.c.objc; name = CDVWKProcessPoolFactory.m; path = "cordova-plugin-ionic-webview/CDVWKProcessPoolFactory.m"; sourceTree = "<group>"; };
		63C6E733E1F84BEF284A55FA /* Pods_SNTC_Rice_Sourcing.framework */ = {isa = PBXFileReference; explicitFileType = wrapper.framework; includeInIndex = 0; path = Pods_SNTC_Rice_Sourcing.framework; sourceTree = BUILT_PRODUCTS_DIR; };
		66F8982F33A344AF989A8FFE /* CDVAssetLibraryFilesystem.m */ = {isa = PBXFileReference; explicitFileType = undefined; fileEncoding = 4; includeInIndex = 0; lastKnownFileType = sourcecode.c.objc; name = CDVAssetLibraryFilesystem.m; path = "cordova-plugin-file/CDVAssetLibraryFilesystem.m"; sourceTree = "<group>"; };
		6AFF5BF81D6E424B00AB3073 /* CDVLaunchScreen.storyboard */ = {isa = PBXFileReference; fileEncoding = 4; lastKnownFileType = file.storyboard; name = CDVLaunchScreen.storyboard; path = "SNTC Rice Sourcing/CDVLaunchScreen.storyboard"; sourceTree = SOURCE_ROOT; };
		6C81B1FF218F42D7B22D634D /* IONAssetHandler.h */ = {isa = PBXFileReference; explicitFileType = undefined; fileEncoding = 4; includeInIndex = 0; lastKnownFileType = sourcecode.c.h; name = IONAssetHandler.h; path = "cordova-plugin-ionic-webview/IONAssetHandler.h"; sourceTree = "<group>"; };
		72516DDD265F492586FEDB20 /* CDVWKProcessPoolFactory.h */ = {isa = PBXFileReference; explicitFileType = undefined; fileEncoding = 4; includeInIndex = 0; lastKnownFileType = sourcecode.c.h; name = CDVWKProcessPoolFactory.h; path = "cordova-plugin-ionic-webview/CDVWKProcessPoolFactory.h"; sourceTree = "<group>"; };
		7352E9A3952A475F82B048E4 /* Stripe.framework */ = {isa = PBXFileReference; explicitFileType = undefined; fileEncoding = 9; includeInIndex = 0; lastKnownFileType = wrapper.framework; name = Stripe.framework; path = "SNTC Rice Sourcing/Plugins/cordova-plugin-stripe/Stripe.framework"; sourceTree = "<group>"; };
		7539F87A094D4C988453A074 /* CDVCamera.h */ = {isa = PBXFileReference; explicitFileType = undefined; fileEncoding = 4; includeInIndex = 0; lastKnownFileType = sourcecode.c.h; name = CDVCamera.h; path = "cordova-plugin-camera/CDVCamera.h"; sourceTree = "<group>"; };
		78A8B8D5EC0641FCA4D97D57 /* Main.h */ = {isa = PBXFileReference; explicitFileType = undefined; fileEncoding = 4; includeInIndex = 0; lastKnownFileType = sourcecode.c.h; name = Main.h; path = com.razorpay.cordova/Main.h; sourceTree = "<group>"; };
		8D1107310486CEB800E47090 /* SNTC Rice Sourcing-Info.plist */ = {isa = PBXFileReference; fileEncoding = 4; lastKnownFileType = text.plist.xml; name = "SNTC Rice Sourcing-Info.plist"; path = "SNTC Rice Sourcing/SNTC Rice Sourcing-Info.plist"; plistStructureDefinitionIdentifier = "com.apple.xcode.plist.structure-definition.iphone.info-plist"; sourceTree = SOURCE_ROOT; };
		8DEF03DE8C6E4F769963C7A7 /* IONAssetHandler.m */ = {isa = PBXFileReference; explicitFileType = undefined; fileEncoding = 4; includeInIndex = 0; lastKnownFileType = sourcecode.c.objc; name = IONAssetHandler.m; path = "cordova-plugin-ionic-webview/IONAssetHandler.m"; sourceTree = "<group>"; };
		933D61DC91974840BEA3211D /* FirebaseMessagingPlugin.h */ = {isa = PBXFileReference; explicitFileType = undefined; fileEncoding = 4; includeInIndex = 0; lastKnownFileType = sourcecode.c.h; name = FirebaseMessagingPlugin.h; path = "cordova-plugin-firebase-messaging/FirebaseMessagingPlugin.h"; sourceTree = "<group>"; };
		9BFAAFE8F7314F9CBCC9BA94 /* CDVDevice.m */ = {isa = PBXFileReference; explicitFileType = undefined; fileEncoding = 4; includeInIndex = 0; lastKnownFileType = sourcecode.c.objc; name = CDVDevice.m; path = "cordova-plugin-device/CDVDevice.m"; sourceTree = "<group>"; };
		A0B8C79D0DB944B1845EB057 /* UIImage+CropScaleOrientation.h */ = {isa = PBXFileReference; explicitFileType = undefined; fileEncoding = 4; includeInIndex = 0; lastKnownFileType = sourcecode.c.h; name = "UIImage+CropScaleOrientation.h"; path = "cordova-plugin-camera/UIImage+CropScaleOrientation.h"; sourceTree = "<group>"; };
		AA34FC3E3C5A4886A75CEA92 /* CDVJpegHeaderWriter.h */ = {isa = PBXFileReference; explicitFileType = undefined; fileEncoding = 4; includeInIndex = 0; lastKnownFileType = sourcecode.c.h; name = CDVJpegHeaderWriter.h; path = "cordova-plugin-camera/CDVJpegHeaderWriter.h"; sourceTree = "<group>"; };
		B9100195DE954165BCCDC61F /* CDVStatusBar.m */ = {isa = PBXFileReference; explicitFileType = undefined; fileEncoding = 4; includeInIndex = 0; lastKnownFileType = sourcecode.c.objc; name = CDVStatusBar.m; path = "cordova-plugin-statusbar/CDVStatusBar.m"; sourceTree = "<group>"; };
		BA6A712151824962AB55EAAE /* CDVAssetLibraryFilesystem.h */ = {isa = PBXFileReference; explicitFileType = undefined; fileEncoding = 4; includeInIndex = 0; lastKnownFileType = sourcecode.c.h; name = CDVAssetLibraryFilesystem.h; path = "cordova-plugin-file/CDVAssetLibraryFilesystem.h"; sourceTree = "<group>"; };
		C281D246F47841B9BC74DD74 /* CDVExif.h */ = {isa = PBXFileReference; explicitFileType = undefined; fileEncoding = 4; includeInIndex = 0; lastKnownFileType = sourcecode.c.h; name = CDVExif.h; path = "cordova-plugin-camera/CDVExif.h"; sourceTree = "<group>"; };
		C6C3B03883BE4A4EADB943C3 /* AppDelegate+FirebaseMessagingPlugin.h */ = {isa = PBXFileReference; explicitFileType = undefined; fileEncoding = 4; includeInIndex = 0; lastKnownFileType = sourcecode.c.h; name = "AppDelegate+FirebaseMessagingPlugin.h"; path = "cordova-plugin-firebase-messaging/AppDelegate+FirebaseMessagingPlugin.h"; sourceTree = "<group>"; };
		CD40C4EF85994CDFB5A29C25 /* CoreLocation.framework */ = {isa = PBXFileReference; explicitFileType = undefined; fileEncoding = 9; includeInIndex = 0; lastKnownFileType = wrapper.framework; name = CoreLocation.framework; path = System/Library/Frameworks/CoreLocation.framework; sourceTree = SDKROOT; };
		CE108A973F514E019BC0872C /* CDVStatusBar.h */ = {isa = PBXFileReference; explicitFileType = undefined; fileEncoding = 4; includeInIndex = 0; lastKnownFileType = sourcecode.c.h; name = CDVStatusBar.h; path = "cordova-plugin-statusbar/CDVStatusBar.h"; sourceTree = "<group>"; };
		D65DA9DA70C54AA08C846981 /* CDVFile.m */ = {isa = PBXFileReference; explicitFileType = undefined; fileEncoding = 4; includeInIndex = 0; lastKnownFileType = sourcecode.c.objc; name = CDVFile.m; path = "cordova-plugin-file/CDVFile.m"; sourceTree = "<group>"; };
		D84A6B51915348DDBB084B74 /* CDVFile.h */ = {isa = PBXFileReference; explicitFileType = undefined; fileEncoding = 4; includeInIndex = 0; lastKnownFileType = sourcecode.c.h; name = CDVFile.h; path = "cordova-plugin-file/CDVFile.h"; sourceTree = "<group>"; };
		DA15EE56D3DD4B3695A8CC9A /* CDVJpegHeaderWriter.m */ = {isa = PBXFileReference; explicitFileType = undefined; fileEncoding = 4; includeInIndex = 0; lastKnownFileType = sourcecode.c.objc; name = CDVJpegHeaderWriter.m; path = "cordova-plugin-camera/CDVJpegHeaderWriter.m"; sourceTree = "<group>"; };
		DBDC25C618274673AEE12AEA /* CDVLocalFilesystem.m */ = {isa = PBXFileReference; explicitFileType = undefined; fileEncoding = 4; includeInIndex = 0; lastKnownFileType = sourcecode.c.objc; name = CDVLocalFilesystem.m; path = "cordova-plugin-file/CDVLocalFilesystem.m"; sourceTree = "<group>"; };
		E0890D00A113448D97B32A88 /* CDVWKWebViewUIDelegate.h */ = {isa = PBXFileReference; explicitFileType = undefined; fileEncoding = 4; includeInIndex = 0; lastKnownFileType = sourcecode.c.h; name = CDVWKWebViewUIDelegate.h; path = "cordova-plugin-ionic-webview/CDVWKWebViewUIDelegate.h"; sourceTree = "<group>"; };
		E2384725B1534B139C624C78 /* UIImage+CropScaleOrientation.m */ = {isa = PBXFileReference; explicitFileType = undefined; fileEncoding = 4; includeInIndex = 0; lastKnownFileType = sourcecode.c.objc; name = "UIImage+CropScaleOrientation.m"; path = "cordova-plugin-camera/UIImage+CropScaleOrientation.m"; sourceTree = "<group>"; };
		EB87FDF31871DA8E0020F90C /* www */ = {isa = PBXFileReference; lastKnownFileType = folder; name = www; path = ../../www; sourceTree = "<group>"; };
		EB87FDF41871DAF40020F90C /* config.xml */ = {isa = PBXFileReference; lastKnownFileType = text.xml; name = config.xml; path = ../../config.xml; sourceTree = "<group>"; };
		ED33DF2A687741AEAF9F8254 /* Bridging-Header.h */ = {isa = PBXFileReference; fileEncoding = 4; lastKnownFileType = sourcecode.c.h; path = "Bridging-Header.h"; sourceTree = "<group>"; };
		EFEC2A1662174021AB154ECD /* CDVIonicKeyboard.h */ = {isa = PBXFileReference; explicitFileType = undefined; fileEncoding = 4; includeInIndex = 0; lastKnownFileType = sourcecode.c.h; name = CDVIonicKeyboard.h; path = "cordova-plugin-ionic-keyboard/CDVIonicKeyboard.h"; sourceTree = "<group>"; };
		F840E1F0165FE0F500CFE078 /* config.xml */ = {isa = PBXFileReference; lastKnownFileType = text.xml; name = config.xml; path = "SNTC Rice Sourcing/config.xml"; sourceTree = "<group>"; };
		F8A4E38712E0476998BF0ADC /* CDVCamera.m */ = {isa = PBXFileReference; explicitFileType = undefined; fileEncoding = 4; includeInIndex = 0; lastKnownFileType = sourcecode.c.objc; name = CDVCamera.m; path = "cordova-plugin-camera/CDVCamera.m"; sourceTree = "<group>"; };
		FA61D607C1E94BB6A7D6942F /* AppDelegate+FirebaseMessagingPlugin.m */ = {isa = PBXFileReference; explicitFileType = undefined; fileEncoding = 4; includeInIndex = 0; lastKnownFileType = sourcecode.c.objc; name = "AppDelegate+FirebaseMessagingPlugin.m"; path = "cordova-plugin-firebase-messaging/AppDelegate+FirebaseMessagingPlugin.m"; sourceTree = "<group>"; };
		FC74425A4E3F4F7D887406E3 /* CDVWKWebViewEngine.h */ = {isa = PBXFileReference; explicitFileType = undefined; fileEncoding = 4; includeInIndex = 0; lastKnownFileType = sourcecode.c.h; name = CDVWKWebViewEngine.h; path = "cordova-plugin-ionic-webview/CDVWKWebViewEngine.h"; sourceTree = "<group>"; };
/* End PBXFileReference section */

/* Begin PBXFrameworksBuildPhase section */
		1D60588F0D05DD3D006BFB54 /* Frameworks */ = {
			isa = PBXFrameworksBuildPhase;
			buildActionMask = 2147483647;
			files = (
				301BF552109A68D80062928A /* libCordova.a in Frameworks */,
				FFAB96A575314F5BBA156169 /* CoreTelephony.framework in Frameworks */,
				E549A15C724D42229A31C3A6 /* SystemConfiguration.framework in Frameworks */,
				ABE3B448B9674A42AE3A8348 /* ImageIO.framework in Frameworks */,
				91799AC4D39242C08BA66F42 /* CoreLocation.framework in Frameworks */,
				347C97A5159A45D190094C59 /* AVFoundation.framework in Frameworks */,
				F0FB58CC9D87AA396180BB09 /* Pods_SNTC_Rice_Sourcing.framework in Frameworks */,
				4CE8228881FB479E8A8EAE44 /* WebKit.framework in Frameworks */,
				46EC42B6AE9E413B97FB2D21 /* Stripe.framework in Frameworks */,
			);
			runOnlyForDeploymentPostprocessing = 0;
		};
/* End PBXFrameworksBuildPhase section */

/* Begin PBXGroup section */
		03D78C015252E5568854A882 /* Pods */ = {
			isa = PBXGroup;
			children = (
				3B1A4BCF6C53C477DD041155 /* Pods-SNTC Rice Sourcing.debug.xcconfig */,
				33B2DECABB8F495ED0248D16 /* Pods-SNTC Rice Sourcing.release.xcconfig */,
			);
			path = Pods;
			sourceTree = "<group>";
		};
		080E96DDFE201D6D7F000001 /* Classes */ = {
			isa = PBXGroup;
			children = (
				302D95EE14D2391D003F00A1 /* MainViewController.h */,
				302D95EF14D2391D003F00A1 /* MainViewController.m */,
				302D95F014D2391D003F00A1 /* MainViewController.xib */,
				1D3623240D0F684500981E51 /* AppDelegate.h */,
				1D3623250D0F684500981E51 /* AppDelegate.m */,
			);
			name = Classes;
			path = "SNTC Rice Sourcing/Classes";
			sourceTree = SOURCE_ROOT;
		};
		19C28FACFE9D520D11CA2CBB /* Products */ = {
			isa = PBXGroup;
			children = (
				1D6058910D05DD3D006BFB54 /* SNTC Rice Sourcing.app */,
			);
			name = Products;
			sourceTree = "<group>";
		};
		29B97314FDCFA39411CA2CEA /* CustomTemplate */ = {
			isa = PBXGroup;
			children = (
				EB87FDF41871DAF40020F90C /* config.xml */,
				EB87FDF31871DA8E0020F90C /* www */,
				EB87FDF11871DA420020F90C /* Staging */,
				301BF52D109A57CC0062928A /* CordovaLib.xcodeproj */,
				080E96DDFE201D6D7F000001 /* Classes */,
				307C750510C5A3420062BCA9 /* Plugins */,
				29B97315FDCFA39411CA2CEA /* Other Sources */,
				29B97317FDCFA39411CA2CEA /* Resources */,
				29B97323FDCFA39411CA2CEA /* Frameworks */,
				19C28FACFE9D520D11CA2CBB /* Products */,
				03D78C015252E5568854A882 /* Pods */,
			);
			name = CustomTemplate;
			sourceTree = "<group>";
		};
		29B97315FDCFA39411CA2CEA /* Other Sources */ = {
			isa = PBXGroup;
			children = (
				32CA4F630368D1EE00C91783 /* SNTC Rice Sourcing-Prefix.pch */,
				29B97316FDCFA39411CA2CEA /* main.m */,
				ED33DF2A687741AEAF9F8254 /* Bridging-Header.h */,
			);
			name = "Other Sources";
			path = "SNTC Rice Sourcing";
			sourceTree = "<group>";
		};
		29B97317FDCFA39411CA2CEA /* Resources */ = {
			isa = PBXGroup;
			children = (
				0207DA571B56EA530066E2B4 /* Images.xcassets */,
				3047A50E1AB8057F00498E2A /* config */,
				8D1107310486CEB800E47090 /* SNTC Rice Sourcing-Info.plist */,
				6AFF5BF81D6E424B00AB3073 /* CDVLaunchScreen.storyboard */,
				5393B6804A094D6C833A70B3 /* GoogleService-Info.plist */,
			);
			name = Resources;
			path = "SNTC Rice Sourcing/Resources";
			sourceTree = "<group>";
		};
		29B97323FDCFA39411CA2CEA /* Frameworks */ = {
			isa = PBXGroup;
			children = (
				295CA7750C484CB4BA457798 /* CoreTelephony.framework */,
				4AE5A9F4DC9D4D2196D3339F /* SystemConfiguration.framework */,
				3B261DB8F32842C6AE720F36 /* ImageIO.framework */,
				CD40C4EF85994CDFB5A29C25 /* CoreLocation.framework */,
				03168446BA85491FBEF499E7 /* AVFoundation.framework */,
				63C6E733E1F84BEF284A55FA /* Pods_SNTC_Rice_Sourcing.framework */,
				0D0F7BE512E442398B1190F4 /* WebKit.framework */,
				7352E9A3952A475F82B048E4 /* Stripe.framework */,
			);
			name = Frameworks;
			sourceTree = "<group>";
		};
		301BF52E109A57CC0062928A /* Products */ = {
			isa = PBXGroup;
			children = (
				301BF535109A57CC0062928A /* libCordova.a */,
				907D8124214C687600058A10 /* Cordova.framework */,
			);
			name = Products;
			sourceTree = "<group>";
		};
		3047A50E1AB8057F00498E2A /* config */ = {
			isa = PBXGroup;
			children = (
				3047A50F1AB8059700498E2A /* build-debug.xcconfig */,
				3047A5101AB8059700498E2A /* build-release.xcconfig */,
				3047A5111AB8059700498E2A /* build.xcconfig */,
			);
			name = config;
			sourceTree = "<group>";
		};
		307C750510C5A3420062BCA9 /* Plugins */ = {
			isa = PBXGroup;
			children = (
				06FEFEF255674F6FAFA63C92 /* Main.m */,
				78A8B8D5EC0641FCA4D97D57 /* Main.h */,
				E2384725B1534B139C624C78 /* UIImage+CropScaleOrientation.m */,
				F8A4E38712E0476998BF0ADC /* CDVCamera.m */,
				DA15EE56D3DD4B3695A8CC9A /* CDVJpegHeaderWriter.m */,
				A0B8C79D0DB944B1845EB057 /* UIImage+CropScaleOrientation.h */,
				7539F87A094D4C988453A074 /* CDVCamera.h */,
				AA34FC3E3C5A4886A75CEA92 /* CDVJpegHeaderWriter.h */,
				C281D246F47841B9BC74DD74 /* CDVExif.h */,
				9BFAAFE8F7314F9CBCC9BA94 /* CDVDevice.m */,
				22E691B27C9547D29E1BC42D /* CDVDevice.h */,
				D65DA9DA70C54AA08C846981 /* CDVFile.m */,
				DBDC25C618274673AEE12AEA /* CDVLocalFilesystem.m */,
				66F8982F33A344AF989A8FFE /* CDVAssetLibraryFilesystem.m */,
				D84A6B51915348DDBB084B74 /* CDVFile.h */,
				1722582389904AAC82868432 /* CDVLocalFilesystem.h */,
				BA6A712151824962AB55EAAE /* CDVAssetLibraryFilesystem.h */,
				FA61D607C1E94BB6A7D6942F /* AppDelegate+FirebaseMessagingPlugin.m */,
				095831EE83EE4B9D9D7FD01C /* FirebaseMessagingPlugin.m */,
				C6C3B03883BE4A4EADB943C3 /* AppDelegate+FirebaseMessagingPlugin.h */,
				933D61DC91974840BEA3211D /* FirebaseMessagingPlugin.h */,
				3B452ACBAB6847A3B6AA6080 /* CDVIonicKeyboard.m */,
				EFEC2A1662174021AB154ECD /* CDVIonicKeyboard.h */,
				06471F51DE82406CBDA31ADE /* CDVWKWebViewEngine.m */,
				015F244C08C24ECB825D64F0 /* CDVWKWebViewUIDelegate.m */,
				6050BD0F88FD4B689B35138F /* CDVWKProcessPoolFactory.m */,
				8DEF03DE8C6E4F769963C7A7 /* IONAssetHandler.m */,
				FC74425A4E3F4F7D887406E3 /* CDVWKWebViewEngine.h */,
				E0890D00A113448D97B32A88 /* CDVWKWebViewUIDelegate.h */,
				72516DDD265F492586FEDB20 /* CDVWKProcessPoolFactory.h */,
				6C81B1FF218F42D7B22D634D /* IONAssetHandler.h */,
				B9100195DE954165BCCDC61F /* CDVStatusBar.m */,
				CE108A973F514E019BC0872C /* CDVStatusBar.h */,
				4AC2CF97D5F74E768411C010 /* CordovaStripe.m */,
				456F3625EB1B4419B4575F9A /* CordovaStripe.h */,
				3145BFFB3D40459D9FEEABB6 /* ThemeDetection.swift */,
			);
			name = Plugins;
			path = "SNTC Rice Sourcing/Plugins";
			sourceTree = SOURCE_ROOT;
		};
		EB87FDF11871DA420020F90C /* Staging */ = {
			isa = PBXGroup;
			children = (
				F840E1F0165FE0F500CFE078 /* config.xml */,
				301BF56E109A69640062928A /* www */,
			);
			name = Staging;
			sourceTree = "<group>";
		};
/* End PBXGroup section */

/* Begin PBXNativeTarget section */
		1D6058900D05DD3D006BFB54 /* SNTC Rice Sourcing */ = {
			isa = PBXNativeTarget;
			buildConfigurationList = 1D6058960D05DD3E006BFB54 /* Build configuration list for PBXNativeTarget "SNTC Rice Sourcing" */;
			buildPhases = (
				CE49DDC5EE071AC762AEE570 /* [CP] Check Pods Manifest.lock */,
				304B58A110DAC018002A0835 /* Copy www directory */,
				1D60588D0D05DD3D006BFB54 /* Resources */,
				1D60588E0D05DD3D006BFB54 /* Sources */,
				1D60588F0D05DD3D006BFB54 /* Frameworks */,
				74DEA2A8190FBCC49F7405AD /* [CP] Embed Pods Frameworks */,
			);
			buildRules = (
			);
			dependencies = (
				301BF551109A68C00062928A /* PBXTargetDependency */,
			);
			name = "SNTC Rice Sourcing";
			productName = "SNTC Rice Sourcing";
			productReference = 1D6058910D05DD3D006BFB54 /* SNTC Rice Sourcing.app */;
			productType = "com.apple.product-type.application";
		};
/* End PBXNativeTarget section */

/* Begin PBXProject section */
		29B97313FDCFA39411CA2CEA /* Project object */ = {
			isa = PBXProject;
			attributes = {
				LastUpgradeCheck = 1130;
			};
			buildConfigurationList = C01FCF4E08A954540054247B /* Build configuration list for PBXProject "SNTC Rice Sourcing" */;
			compatibilityVersion = "Xcode 11.0";
			developmentRegion = en;
			hasScannedForEncodings = 1;
			knownRegions = (
				en,
				Base,
			);
			mainGroup = 29B97314FDCFA39411CA2CEA /* CustomTemplate */;
			productRefGroup = 19C28FACFE9D520D11CA2CBB /* Products */;
			projectDirPath = "";
			projectReferences = (
				{
					ProductGroup = 301BF52E109A57CC0062928A /* Products */;
					ProjectRef = 301BF52D109A57CC0062928A /* CordovaLib.xcodeproj */;
				},
			);
			projectRoot = "";
			targets = (
				1D6058900D05DD3D006BFB54 /* SNTC Rice Sourcing */,
			);
		};
/* End PBXProject section */

/* Begin PBXReferenceProxy section */
		301BF535109A57CC0062928A /* libCordova.a */ = {
			isa = PBXReferenceProxy;
			fileType = archive.ar;
			path = libCordova.a;
			remoteRef = 301BF534109A57CC0062928A /* PBXContainerItemProxy */;
			sourceTree = BUILT_PRODUCTS_DIR;
		};
		907D8124214C687600058A10 /* Cordova.framework */ = {
			isa = PBXReferenceProxy;
			fileType = wrapper.framework;
			path = Cordova.framework;
			remoteRef = 907D8123214C687600058A10 /* PBXContainerItemProxy */;
			sourceTree = BUILT_PRODUCTS_DIR;
		};
/* End PBXReferenceProxy section */

/* Begin PBXResourcesBuildPhase section */
		1D60588D0D05DD3D006BFB54 /* Resources */ = {
			isa = PBXResourcesBuildPhase;
			buildActionMask = 2147483647;
			files = (
				302D95F214D2391D003F00A1 /* MainViewController.xib in Resources */,
				0207DA581B56EA530066E2B4 /* Images.xcassets in Resources */,
				6AFF5BF91D6E424B00AB3073 /* CDVLaunchScreen.storyboard in Resources */,
				B1EB5550CB844FCBB6E578BA /* GoogleService-Info.plist in Resources */,
			);
			runOnlyForDeploymentPostprocessing = 0;
		};
/* End PBXResourcesBuildPhase section */

/* Begin PBXShellScriptBuildPhase section */
		304B58A110DAC018002A0835 /* Copy www directory */ = {
			isa = PBXShellScriptBuildPhase;
			buildActionMask = 2147483647;
			files = (
			);
			inputPaths = (
			);
			name = "Copy www directory";
			outputPaths = (
			);
			runOnlyForDeploymentPostprocessing = 0;
			shellPath = /bin/sh;
			shellScript = "\"$SRCROOT/SNTC Rice Sourcing/Scripts/copy-www-build-step.sh\"";
			showEnvVarsInLog = 0;
		};
		74DEA2A8190FBCC49F7405AD /* [CP] Embed Pods Frameworks */ = {
			isa = PBXShellScriptBuildPhase;
			buildActionMask = 2147483647;
			files = (
			);
			inputFileListPaths = (
				"${PODS_ROOT}/Target Support Files/Pods-SNTC Rice Sourcing/Pods-SNTC Rice Sourcing-frameworks-${CONFIGURATION}-input-files.xcfilelist",
			);
			name = "[CP] Embed Pods Frameworks";
			outputFileListPaths = (
				"${PODS_ROOT}/Target Support Files/Pods-SNTC Rice Sourcing/Pods-SNTC Rice Sourcing-frameworks-${CONFIGURATION}-output-files.xcfilelist",
			);
			runOnlyForDeploymentPostprocessing = 0;
			shellPath = /bin/sh;
			shellScript = "\"${PODS_ROOT}/Target Support Files/Pods-SNTC Rice Sourcing/Pods-SNTC Rice Sourcing-frameworks.sh\"\n";
			showEnvVarsInLog = 0;
		};
		CE49DDC5EE071AC762AEE570 /* [CP] Check Pods Manifest.lock */ = {
			isa = PBXShellScriptBuildPhase;
			buildActionMask = 2147483647;
			files = (
			);
			inputFileListPaths = (
			);
			inputPaths = (
				"${PODS_PODFILE_DIR_PATH}/Podfile.lock",
				"${PODS_ROOT}/Manifest.lock",
			);
			name = "[CP] Check Pods Manifest.lock";
			outputFileListPaths = (
			);
			outputPaths = (
				"$(DERIVED_FILE_DIR)/Pods-SNTC Rice Sourcing-checkManifestLockResult.txt",
			);
			runOnlyForDeploymentPostprocessing = 0;
			shellPath = /bin/sh;
			shellScript = "diff \"${PODS_PODFILE_DIR_PATH}/Podfile.lock\" \"${PODS_ROOT}/Manifest.lock\" > /dev/null\nif [ $? != 0 ] ; then\n    # print error to STDERR\n    echo \"error: The sandbox is not in sync with the Podfile.lock. Run 'pod install' or update your CocoaPods installation.\" >&2\n    exit 1\nfi\n# This output is used by Xcode 'outputs' to avoid re-running this script phase.\necho \"SUCCESS\" > \"${SCRIPT_OUTPUT_FILE_0}\"\n";
			showEnvVarsInLog = 0;
		};
/* End PBXShellScriptBuildPhase section */

/* Begin PBXSourcesBuildPhase section */
		1D60588E0D05DD3D006BFB54 /* Sources */ = {
			isa = PBXSourcesBuildPhase;
			buildActionMask = 2147483647;
			files = (
				1D60589B0D05DD56006BFB54 /* main.m in Sources */,
				1D3623260D0F684500981E51 /* AppDelegate.m in Sources */,
				302D95F114D2391D003F00A1 /* MainViewController.m in Sources */,
				8593EB13DAC34D97A10D374B /* Main.m in Sources */,
				E9D7ED682C7C4F8AA8DDCC21 /* UIImage+CropScaleOrientation.m in Sources */,
				8126C5257A514FCD9D3B1ED1 /* CDVCamera.m in Sources */,
				920C1B6EC35F4AFE94AC7335 /* CDVJpegHeaderWriter.m in Sources */,
				EE9F4AA386E84B8F897698AF /* CDVDevice.m in Sources */,
				2BC79139E8A74BF5BEFC00D0 /* CDVFile.m in Sources */,
				040AF94137514BA9B3B37233 /* CDVLocalFilesystem.m in Sources */,
				E3D811F3071642A4BF7B8DE8 /* CDVAssetLibraryFilesystem.m in Sources */,
				3FDADFBEFEE148FBBB40F321 /* AppDelegate+FirebaseMessagingPlugin.m in Sources */,
				3722B0FFD2284081B681E4C5 /* FirebaseMessagingPlugin.m in Sources */,
				8AEB097DD87143A3A628202E /* CDVIonicKeyboard.m in Sources */,
				0E5B21C316684078913F664B /* CDVWKWebViewEngine.m in Sources */,
				69300784814147CCB17AF803 /* CDVWKWebViewUIDelegate.m in Sources */,
				07CC5ACBE8C74A3784E9B475 /* CDVWKProcessPoolFactory.m in Sources */,
				310E6DD15DFB4B9E98291660 /* IONAssetHandler.m in Sources */,
				0D7754DF444C48BDA254B4DB /* CDVStatusBar.m in Sources */,
				AD4C0DD759434E728F199A3A /* CordovaStripe.m in Sources */,
				49B1E8B0FDC54539AAECDB15 /* ThemeDetection.swift in Sources */,
			);
			runOnlyForDeploymentPostprocessing = 0;
		};
/* End PBXSourcesBuildPhase section */

/* Begin PBXTargetDependency section */
		301BF551109A68C00062928A /* PBXTargetDependency */ = {
			isa = PBXTargetDependency;
			name = CordovaLib;
			targetProxy = 301BF550109A68C00062928A /* PBXContainerItemProxy */;
		};
/* End PBXTargetDependency section */

/* Begin XCBuildConfiguration section */
		1D6058940D05DD3E006BFB54 /* Debug */ = {
			isa = XCBuildConfiguration;
			baseConfigurationReference = 3047A50F1AB8059700498E2A /* build-debug.xcconfig */;
			buildSettings = {
				ALWAYS_EMBED_SWIFT_STANDARD_LIBRARIES = YES;
				ALWAYS_SEARCH_USER_PATHS = NO;
				ASSETCATALOG_COMPILER_APPICON_NAME = AppIcon;
				CLANG_ENABLE_MODULES = YES;
				CLANG_ENABLE_OBJC_ARC = YES;
				COPY_PHASE_STRIP = NO;
				DEVELOPMENT_TEAM = 5ZGZ3T69YH;
				FRAMEWORK_SEARCH_PATHS = (
					"$(inherited)",
					"\"SNTC Rice Sourcing/Plugins/cordova-plugin-stripe\"",
				);
				GCC_DYNAMIC_NO_PIC = NO;
				GCC_OPTIMIZATION_LEVEL = 0;
				GCC_PRECOMPILE_PREFIX_HEADER = YES;
				GCC_PREFIX_HEADER = "SNTC Rice Sourcing/SNTC Rice Sourcing-Prefix.pch";
				GCC_THUMB_SUPPORT = NO;
				GCC_VERSION = "";
				INFOPLIST_FILE = "SNTC Rice Sourcing/SNTC Rice Sourcing-Info.plist";
				IPHONEOS_DEPLOYMENT_TARGET = 11.0;
				LD_RUNPATH_SEARCH_PATHS = "@executable_path/Frameworks";
				OTHER_LDFLAGS = (
					"$(inherited)",
					"-l\"c++\"",
					"-l\"sqlite3\"",
					"-l\"stdc++\"",
					"-l\"z\"",
					"-framework",
					"\"CoreTelephony\"",
					"-framework",
					"\"FBLPromises\"",
					"-framework",
					"\"FBSDKCoreKit\"",
					"-framework",
					"\"FBSDKLoginKit\"",
					"-framework",
					"\"FBSDKShareKit\"",
					"-framework",
					"\"FirebaseCore\"",
					"-framework",
					"\"FirebaseCoreDiagnostics\"",
					"-framework",
					"\"FirebaseCoreInternal\"",
					"-framework",
					"\"FirebaseInstallations\"",
					"-framework",
					"\"FirebaseMessaging\"",
					"-framework",
					"\"Foundation\"",
					"-framework",
					"\"GoogleDataTransport\"",
					"-framework",
					"\"GoogleUtilities\"",
					"-framework",
					"\"Razorpay\"",
					"-framework",
					"\"Security\"",
					"-framework",
					"\"SystemConfiguration\"",
					"-framework",
					"\"UIKit\"",
					"-framework",
					"\"nanopb\"",
					"-weak_framework",
					"\"Accelerate\"",
					"-weak_framework",
					"\"Accounts\"",
					"-weak_framework",
					"\"AudioToolbox\"",
					"-weak_framework",
					"\"CoreGraphics\"",
					"-weak_framework",
					"\"CoreLocation\"",
					"-weak_framework",
					"\"Foundation\"",
					"-weak_framework",
					"\"QuartzCore\"",
					"-weak_framework",
					"\"Security\"",
					"-weak_framework",
					"\"Social\"",
					"-weak_framework",
					"\"UIKit\"",
					"-weak_framework",
					"\"UserNotifications\"",
					"-ld_classic",
				);
				PRODUCT_BUNDLE_IDENTIFIER = app.sntcrice.sourcing;
				PRODUCT_NAME = "$(TARGET_NAME)";
				SUPPORTED_PLATFORMS = "iphoneos iphonesimulator";
				SUPPORTS_MACCATALYST = NO;
				SUPPORTS_MAC_DESIGNED_FOR_IPHONE_IPAD = NO;
				SUPPORTS_XR_DESIGNED_FOR_IPHONE_IPAD = NO;
				SWIFT_OBJC_BRIDGING_HEADER = "$(PROJECT_DIR)/$(PROJECT_NAME)/Bridging-Header.h";
				SWIFT_OPTIMIZATION_LEVEL = "-Onone";
				SWIFT_VERSION = 4.0;
				TARGETED_DEVICE_FAMILY = "1,2";
				VALIDATE_WORKSPACE = NO;
			};
			name = Debug;
		};
		1D6058950D05DD3E006BFB54 /* Release */ = {
			isa = XCBuildConfiguration;
			baseConfigurationReference = 3047A5101AB8059700498E2A /* build-release.xcconfig */;
			buildSettings = {
				ALWAYS_EMBED_SWIFT_STANDARD_LIBRARIES = YES;
				ALWAYS_SEARCH_USER_PATHS = NO;
				ASSETCATALOG_COMPILER_APPICON_NAME = AppIcon;
				CLANG_ENABLE_MODULES = YES;
				CLANG_ENABLE_OBJC_ARC = YES;
				CODE_SIGN_IDENTITY = "Apple Development";
				CODE_SIGN_STYLE = Automatic;
				COPY_PHASE_STRIP = YES;
				DEVELOPMENT_TEAM = 5ZGZ3T69YH;
				FRAMEWORK_SEARCH_PATHS = (
					"$(inherited)",
					"\"SNTC Rice Sourcing/Plugins/cordova-plugin-stripe\"",
				);
				GCC_PRECOMPILE_PREFIX_HEADER = YES;
				GCC_PREFIX_HEADER = "SNTC Rice Sourcing/SNTC Rice Sourcing-Prefix.pch";
				GCC_THUMB_SUPPORT = NO;
				GCC_VERSION = "";
				INFOPLIST_FILE = "SNTC Rice Sourcing/SNTC Rice Sourcing-Info.plist";
				IPHONEOS_DEPLOYMENT_TARGET = 11.0;
				LD_RUNPATH_SEARCH_PATHS = "@executable_path/Frameworks";
				OTHER_LDFLAGS = (
					"$(inherited)",
					"-l\"c++\"",
					"-l\"sqlite3\"",
					"-l\"stdc++\"",
					"-l\"z\"",
					"-framework",
					"\"CoreTelephony\"",
					"-framework",
					"\"FBLPromises\"",
					"-framework",
					"\"FBSDKCoreKit\"",
					"-framework",
					"\"FBSDKLoginKit\"",
					"-framework",
					"\"FBSDKShareKit\"",
					"-framework",
					"\"FirebaseCore\"",
					"-framework",
					"\"FirebaseCoreDiagnostics\"",
					"-framework",
					"\"FirebaseCoreInternal\"",
					"-framework",
					"\"FirebaseInstallations\"",
					"-framework",
					"\"FirebaseMessaging\"",
					"-framework",
					"\"Foundation\"",
					"-framework",
					"\"GoogleDataTransport\"",
					"-framework",
					"\"GoogleUtilities\"",
					"-framework",
					"\"Razorpay\"",
					"-framework",
					"\"Security\"",
					"-framework",
					"\"SystemConfiguration\"",
					"-framework",
					"\"UIKit\"",
					"-framework",
					"\"nanopb\"",
					"-weak_framework",
					"\"Accelerate\"",
					"-weak_framework",
					"\"Accounts\"",
					"-weak_framework",
					"\"AudioToolbox\"",
					"-weak_framework",
					"\"CoreGraphics\"",
					"-weak_framework",
					"\"CoreLocation\"",
					"-weak_framework",
					"\"Foundation\"",
					"-weak_framework",
					"\"QuartzCore\"",
					"-weak_framework",
					"\"Security\"",
					"-weak_framework",
					"\"Social\"",
					"-weak_framework",
					"\"UIKit\"",
					"-weak_framework",
					"\"UserNotifications\"",
					"-ld_classic",
				);
				PRODUCT_BUNDLE_IDENTIFIER = app.sntcrice.sourcing;
				PRODUCT_NAME = "$(TARGET_NAME)";
				PROVISIONING_PROFILE_SPECIFIER = "";
				SUPPORTED_PLATFORMS = "iphoneos iphonesimulator";
				SUPPORTS_MACCATALYST = NO;
				SUPPORTS_MAC_DESIGNED_FOR_IPHONE_IPAD = NO;
				SUPPORTS_XR_DESIGNED_FOR_IPHONE_IPAD = NO;
				SWIFT_OBJC_BRIDGING_HEADER = "$(PROJECT_DIR)/$(PROJECT_NAME)/Bridging-Header.h";
				SWIFT_VERSION = 4.0;
				TARGETED_DEVICE_FAMILY = "1,2";
				VALIDATE_WORKSPACE = NO;
			};
			name = Release;
		};
		C01FCF4F08A954540054247B /* Debug */ = {
			isa = XCBuildConfiguration;
			baseConfigurationReference = 3047A5111AB8059700498E2A /* build.xcconfig */;
			buildSettings = {
				ALWAYS_EMBED_SWIFT_STANDARD_LIBRARIES = YES;
				CLANG_ANALYZER_LOCALIZABILITY_NONLOCALIZED = YES;
				CLANG_ENABLE_MODULES = YES;
				CLANG_ENABLE_OBJC_ARC = YES;
				CLANG_WARN_BLOCK_CAPTURE_AUTORELEASING = YES;
				CLANG_WARN_BOOL_CONVERSION = YES;
				CLANG_WARN_COMMA = YES;
				CLANG_WARN_CONSTANT_CONVERSION = YES;
				CLANG_WARN_DEPRECATED_OBJC_IMPLEMENTATIONS = YES;
				CLANG_WARN_EMPTY_BODY = YES;
				CLANG_WARN_ENUM_CONVERSION = YES;
				CLANG_WARN_INFINITE_RECURSION = YES;
				CLANG_WARN_INT_CONVERSION = YES;
				CLANG_WARN_NON_LITERAL_NULL_CONVERSION = YES;
				CLANG_WARN_OBJC_IMPLICIT_RETAIN_SELF = YES;
				CLANG_WARN_OBJC_LITERAL_CONVERSION = YES;
				CLANG_WARN_RANGE_LOOP_ANALYSIS = YES;
				CLANG_WARN_STRICT_PROTOTYPES = YES;
				CLANG_WARN_SUSPICIOUS_MOVE = YES;
				CLANG_WARN_UNREACHABLE_CODE = YES;
				CLANG_WARN__DUPLICATE_METHOD_MATCH = YES;
				ENABLE_STRICT_OBJC_MSGSEND = YES;
				ENABLE_TESTABILITY = YES;
				GCC_C_LANGUAGE_STANDARD = c99;
				GCC_NO_COMMON_BLOCKS = YES;
				GCC_THUMB_SUPPORT = NO;
				GCC_VERSION = "";
				GCC_WARN_64_TO_32_BIT_CONVERSION = YES;
				GCC_WARN_ABOUT_RETURN_TYPE = YES;
				GCC_WARN_UNDECLARED_SELECTOR = YES;
				GCC_WARN_UNINITIALIZED_AUTOS = YES;
				GCC_WARN_UNUSED_FUNCTION = YES;
				GCC_WARN_UNUSED_VARIABLE = YES;
				IPHONEOS_DEPLOYMENT_TARGET = 11.0;
				ONLY_ACTIVE_ARCH = YES;
				SDKROOT = iphoneos;
				SKIP_INSTALL = NO;
				SWIFT_OBJC_BRIDGING_HEADER = "$(PROJECT_DIR)/$(PROJECT_NAME)/Bridging-Header.h";
				SWIFT_OPTIMIZATION_LEVEL = "-Onone";
				SWIFT_VERSION = 4.0;
				WK_WEB_VIEW_ONLY = 1;
			};
			name = Debug;
		};
		C01FCF5008A954540054247B /* Release */ = {
			isa = XCBuildConfiguration;
			baseConfigurationReference = 3047A5111AB8059700498E2A /* build.xcconfig */;
			buildSettings = {
				ALWAYS_EMBED_SWIFT_STANDARD_LIBRARIES = YES;
				CLANG_ANALYZER_LOCALIZABILITY_NONLOCALIZED = YES;
				CLANG_ENABLE_MODULES = YES;
				CLANG_ENABLE_OBJC_ARC = YES;
				CLANG_WARN_BLOCK_CAPTURE_AUTORELEASING = YES;
				CLANG_WARN_BOOL_CONVERSION = YES;
				CLANG_WARN_COMMA = YES;
				CLANG_WARN_CONSTANT_CONVERSION = YES;
				CLANG_WARN_DEPRECATED_OBJC_IMPLEMENTATIONS = YES;
				CLANG_WARN_EMPTY_BODY = YES;
				CLANG_WARN_ENUM_CONVERSION = YES;
				CLANG_WARN_INFINITE_RECURSION = YES;
				CLANG_WARN_INT_CONVERSION = YES;
				CLANG_WARN_NON_LITERAL_NULL_CONVERSION = YES;
				CLANG_WARN_OBJC_IMPLICIT_RETAIN_SELF = YES;
				CLANG_WARN_OBJC_LITERAL_CONVERSION = YES;
				CLANG_WARN_RANGE_LOOP_ANALYSIS = YES;
				CLANG_WARN_STRICT_PROTOTYPES = YES;
				CLANG_WARN_SUSPICIOUS_MOVE = YES;
				CLANG_WARN_UNREACHABLE_CODE = YES;
				CLANG_WARN__DUPLICATE_METHOD_MATCH = YES;
				ENABLE_STRICT_OBJC_MSGSEND = YES;
				GCC_C_LANGUAGE_STANDARD = c99;
				GCC_NO_COMMON_BLOCKS = YES;
				GCC_THUMB_SUPPORT = NO;
				GCC_VERSION = "";
				GCC_WARN_64_TO_32_BIT_CONVERSION = YES;
				GCC_WARN_ABOUT_RETURN_TYPE = YES;
				GCC_WARN_UNDECLARED_SELECTOR = YES;
				GCC_WARN_UNINITIALIZED_AUTOS = YES;
				GCC_WARN_UNUSED_FUNCTION = YES;
				GCC_WARN_UNUSED_VARIABLE = YES;
				IPHONEOS_DEPLOYMENT_TARGET = 11.0;
				SDKROOT = iphoneos;
				SKIP_INSTALL = NO;
				SWIFT_OBJC_BRIDGING_HEADER = "$(PROJECT_DIR)/$(PROJECT_NAME)/Bridging-Header.h";
				SWIFT_VERSION = 4.0;
				WK_WEB_VIEW_ONLY = 1;
			};
			name = Release;
		};
/* End XCBuildConfiguration section */

/* Begin XCConfigurationList section */
		1D6058960D05DD3E006BFB54 /* Build configuration list for PBXNativeTarget "SNTC Rice Sourcing" */ = {
			isa = XCConfigurationList;
			buildConfigurations = (
				1D6058940D05DD3E006BFB54 /* Debug */,
				1D6058950D05DD3E006BFB54 /* Release */,
			);
			defaultConfigurationIsVisible = 0;
			defaultConfigurationName = Release;
		};
		C01FCF4E08A954540054247B /* Build configuration list for PBXProject "SNTC Rice Sourcing" */ = {
			isa = XCConfigurationList;
			buildConfigurations = (
				C01FCF4F08A954540054247B /* Debug */,
				C01FCF5008A954540054247B /* Release */,
			);
			defaultConfigurationIsVisible = 0;
			defaultConfigurationName = Release;
		};
/* End XCConfigurationList section */
	};
	rootObject = 29B97313FDCFA39411CA2CEA /* Project object */;
}
