// !$*UTF8*$!
{
	archiveVersion = 1;
	classes = {
	};
	objectVersion = 55;
	objects = {

/* Begin PBXBuildFile section */
		0207DA581B56EA530066E2B4 /* Images.xcassets in Resources */ = {isa = PBXBuildFile; fileRef = 0207DA571B56EA530066E2B4 /* Images.xcassets */; };
		0972AA4DD2B541338C63D600 /* FirebaseMessagingPlugin.m in Sources */ = {isa = PBXBuildFile; fileRef = D867F65DF1D3414099678F51 /* FirebaseMessagingPlugin.m */; };
		112CA1C1A6AB48E8B6137FDC /* CDVFile.m in Sources */ = {isa = PBXBuildFile; fileRef = 93D3FFEF2D824EA5B6C4DE02 /* CDVFile.m */; };
		11BCD22AEA83405881801BC4 /* libPayPalMobile.a in Frameworks */ = {isa = PBXBuildFile; fileRef = 4E9817DC03C2464593E0EB34 /* libPayPalMobile.a */; };
		14C7956F4A8344CF87A1D00A /* CFNetwork.framework in Frameworks */ = {isa = PBXBuildFile; fileRef = 2CDAC96C0B0F4356AE1B79A5 /* CFNetwork.framework */; };
		177B3B53C4DF446586E2F8DD /* Stripe.framework in Frameworks */ = {isa = PBXBuildFile; fileRef = 8079D6FFE2A14F4197264422 /* Stripe.framework */; };
		1D3623260D0F684500981E51 /* AppDelegate.m in Sources */ = {isa = PBXBuildFile; fileRef = 1D3623250D0F684500981E51 /* AppDelegate.m */; };
		1D60589B0D05DD56006BFB54 /* main.m in Sources */ = {isa = PBXBuildFile; fileRef = 29B97316FDCFA39411CA2CEA /* main.m */; };
		20391A5EFA004A108EB84C3B /* AudioToolbox.framework in Frameworks */ = {isa = PBXBuildFile; fileRef = 016191D2A62F4349829206C4 /* AudioToolbox.framework */; };
		301BF552109A68D80062928A /* libCordova.a in Frameworks */ = {isa = PBXBuildFile; fileRef = 301BF535109A57CC0062928A /* libCordova.a */; settings = {ATTRIBUTES = (Required, ); }; };
		302D95F114D2391D003F00A1 /* MainViewController.m in Sources */ = {isa = PBXBuildFile; fileRef = 302D95EF14D2391D003F00A1 /* MainViewController.m */; };
		302D95F214D2391D003F00A1 /* MainViewController.xib in Resources */ = {isa = PBXBuildFile; fileRef = 302D95F014D2391D003F00A1 /* MainViewController.xib */; };
		31A87779C31E455A9AAEFB5C /* CoreVideo.framework in Frameworks */ = {isa = PBXBuildFile; fileRef = 80172740B1C644A58707C646 /* CoreVideo.framework */; };
		325D5B066B83455583557C5B /* OpenGLES.framework in Frameworks */ = {isa = PBXBuildFile; fileRef = 6EC18CD4804747DFB66A7F17 /* OpenGLES.framework */; };
		32A92432534F41DF8FF751DF /* CDVStatusBar.m in Sources */ = {isa = PBXBuildFile; fileRef = 5B83FC46198C4BBF8D3E209D /* CDVStatusBar.m */; };
		36BE25E6D2E2422EACEDC583 /* CDVDevice.m in Sources */ = {isa = PBXBuildFile; fileRef = 2F59294295594938932F8199 /* CDVDevice.m */; };
		3BDDF3A552DB493E9FE39D6B /* Main.m in Sources */ = {isa = PBXBuildFile; fileRef = 8D0F8CB624854522860778EF /* Main.m */; };
		3F345A27FB2241DE8001C796 /* libopencv_imgproc.a in Frameworks */ = {isa = PBXBuildFile; fileRef = 56ACAD6887D2487B9AA4B9B1 /* libopencv_imgproc.a */; };
		3FF54CC8C7BA4C9A8C73B94E /* Foundation.framework in Frameworks */ = {isa = PBXBuildFile; fileRef = 1F760ABA45E341DDB0145E0D /* Foundation.framework */; };
		43EC09DF540C419D98BA5C68 /* CDVWKWebViewEngine.m in Sources */ = {isa = PBXBuildFile; fileRef = 45E9B46353E1464E8F62A1A8 /* CDVWKWebViewEngine.m */; };
		49580616BE3A414C95B69011 /* CDVJpegHeaderWriter.m in Sources */ = {isa = PBXBuildFile; fileRef = 7EFF60FC42B242B98A1A3C1B /* CDVJpegHeaderWriter.m */; };
		4C3A2865557B4AD397B0FAE6 /* SafariServices.framework in Frameworks */ = {isa = PBXBuildFile; fileRef = 50E68A9C68B44234BC5E42C3 /* SafariServices.framework */; };
		512148A2BDAA4D60965EA831 /* GoogleService-Info.plist in Resources */ = {isa = PBXBuildFile; fileRef = AA77F0AC8020435DA71B8823 /* GoogleService-Info.plist */; };
		51AC1A4A501A493D99F1EFBA /* AVFoundation.framework in Frameworks */ = {isa = PBXBuildFile; fileRef = 89891FD1676A4E1784219BF6 /* AVFoundation.framework */; };
		5493CE8220694293B5E2726E /* libPayPalMobile.a in Frameworks */ = {isa = PBXBuildFile; fileRef = E4D7794CBCB54D059994B385 /* libPayPalMobile.a */; };
		54CAD9FA7BB54004ABE44B55 /* QuartzCore.framework in Frameworks */ = {isa = PBXBuildFile; fileRef = DB82026C68B94094AE8B50C0 /* QuartzCore.framework */; };
		5831AE8A72AF44D2A0B06A2F /* UIKit.framework in Frameworks */ = {isa = PBXBuildFile; fileRef = B6B7597D2E174AA59FAE9FCC /* UIKit.framework */; };
		59C90E14F64748FA926B6633 /* ThemeDetection.swift in Sources */ = {isa = PBXBuildFile; fileRef = 2D44F7B19653409C9FC0DC46 /* ThemeDetection.swift */; };
		68C6C139BA5A4DD99E7A8180 /* CordovaStripe.m in Sources */ = {isa = PBXBuildFile; fileRef = 7B89949B9E2C4AFCB9BF3FEC /* CordovaStripe.m */; };
		6AFF5BF91D6E424B00AB3073 /* CDVLaunchScreen.storyboard in Resources */ = {isa = PBXBuildFile; fileRef = 6AFF5BF81D6E424B00AB3073 /* CDVLaunchScreen.storyboard */; };
		7059F23B38824F438E8DC2E7 /* SystemConfiguration.framework in Frameworks */ = {isa = PBXBuildFile; fileRef = 5D0807FCF17349B18204CE73 /* SystemConfiguration.framework */; };
		7FED471E52064E40A4D0190C /* IONAssetHandler.m in Sources */ = {isa = PBXBuildFile; fileRef = DF36DFA1650E4DB8A23C3E1B /* IONAssetHandler.m */; };
		80F8E262CA894A15925AEA11 /* CoreTelephony.framework in Frameworks */ = {isa = PBXBuildFile; fileRef = 3854F42D7EBB419D9F5AEEB3 /* CoreTelephony.framework */; };
		8E3CBDEFC58F44B49B01D9A0 /* CardIOCordovaPlugin.m in Sources */ = {isa = PBXBuildFile; fileRef = 59AC77C1576244DE8A4AE0FE /* CardIOCordovaPlugin.m */; };
		8E9E86E3A57C46FEAE136BEE /* Security.framework in Frameworks */ = {isa = PBXBuildFile; fileRef = DBF70A48C11649A582D70D8D /* Security.framework */; };
		9B0F28B50B5D497C9A90CBFB /* CDVIonicKeyboard.m in Sources */ = {isa = PBXBuildFile; fileRef = 6BF71AFA9227404782F5BFCD /* CDVIonicKeyboard.m */; };
		9CA612B538C04ACFB6C6F736 /* CoreLocation.framework in Frameworks */ = {isa = PBXBuildFile; fileRef = B5D4A302418540ECA09C4F5F /* CoreLocation.framework */; settings = {ATTRIBUTES = (Weak, ); }; };
		9F45308AD687483BA909FC6D /* libCardIO.a in Frameworks */ = {isa = PBXBuildFile; fileRef = 80066B52712347FDAD938CCB /* libCardIO.a */; };
		A0E20A3B8FCF6033FC669BFE /* Pods_SNTC_Rice_Sourcing.framework in Frameworks */ = {isa = PBXBuildFile; fileRef = 6A5788CDC8AA8A49F47D76A1 /* Pods_SNTC_Rice_Sourcing.framework */; };
		A204D45AD758402DBBEC9817 /* CDVCamera.m in Sources */ = {isa = PBXBuildFile; fileRef = 0E5B90062CE54A60B5C97708 /* CDVCamera.m */; };
		A22501F3974A4217B7A9AE93 /* libopencv_core.a in Frameworks */ = {isa = PBXBuildFile; fileRef = 4D4042D37F324DAABB17D643 /* libopencv_core.a */; };
		A446ED42F8184C3899ECA14D /* CDVWKProcessPoolFactory.m in Sources */ = {isa = PBXBuildFile; fileRef = 02A1DD11AF2C4251BA178E95 /* CDVWKProcessPoolFactory.m */; };
		A6CF8E34E1F942939BF78F15 /* UIImage+CropScaleOrientation.m in Sources */ = {isa = PBXBuildFile; fileRef = 63042BB580934DFAA37A85C1 /* UIImage+CropScaleOrientation.m */; };
		ABB2AD4397DC4E2781F4EEC6 /* CoreMedia.framework in Frameworks */ = {isa = PBXBuildFile; fileRef = 8F42DEC6DCD34E8080D15B0B /* CoreMedia.framework */; };
		AC69A0EF5BBC4EA6A921446B /* CDVWKWebViewUIDelegate.m in Sources */ = {isa = PBXBuildFile; fileRef = 22E25DA4EBEC4866872AB945 /* CDVWKWebViewUIDelegate.m */; };
		B37949943A1C479BA565E99C /* PayPalMobileCordovaPlugin.m in Sources */ = {isa = PBXBuildFile; fileRef = DF126D1C6FE7455184A7A73C /* PayPalMobileCordovaPlugin.m */; };
		C00A6ED1857243EAAF8FDB0E /* MessageUI.framework in Frameworks */ = {isa = PBXBuildFile; fileRef = 98481D92D99D45FB8FBCA51E /* MessageUI.framework */; };
		C47793AEE4E04A1E80E8199E /* libc++.dylib in Frameworks */ = {isa = PBXBuildFile; fileRef = AD3EA7F392F04DE9BF8879AA /* libc++.dylib */; };
		C780A42E1163470C9F89CEB7 /* CDVLocalFilesystem.m in Sources */ = {isa = PBXBuildFile; fileRef = D488C5644B694EA5BFD46592 /* CDVLocalFilesystem.m */; };
		CD1E4982685D4F7F8DF71090 /* ImageIO.framework in Frameworks */ = {isa = PBXBuildFile; fileRef = A2EB1069445D42D4A8BB94F1 /* ImageIO.framework */; settings = {ATTRIBUTES = (Weak, ); }; };
		F4AD634B254B4BAAAADC8FF8 /* Accelerate.framework in Frameworks */ = {isa = PBXBuildFile; fileRef = BF77AF734FF4443591950BA4 /* Accelerate.framework */; };
		F51C6E6592A14DFB84C9CF6E /* AppDelegate+FirebaseMessagingPlugin.m in Sources */ = {isa = PBXBuildFile; fileRef = 667C25C4C0C34AD48C84FAED /* AppDelegate+FirebaseMessagingPlugin.m */; };
		F9A29E79F9E94A88A769A289 /* WebKit.framework in Frameworks */ = {isa = PBXBuildFile; fileRef = E4451C10288F42149C7E5698 /* WebKit.framework */; settings = {ATTRIBUTES = (Weak, ); }; };
		FC680CC938A244659503D0C3 /* CDVAssetLibraryFilesystem.m in Sources */ = {isa = PBXBuildFile; fileRef = A8061EBEFCBD4233AFD94B1B /* CDVAssetLibraryFilesystem.m */; };
/* End PBXBuildFile section */

/* Begin PBXContainerItemProxy section */
		301BF534109A57CC0062928A /* PBXContainerItemProxy */ = {
			isa = PBXContainerItemProxy;
			containerPortal = 301BF52D109A57CC0062928A /* CordovaLib.xcodeproj */;
			proxyType = 2;
			remoteGlobalIDString = D2AAC07E0554694100DB518D;
			remoteInfo = CordovaLib;
		};
		301BF550109A68C00062928A /* PBXContainerItemProxy */ = {
			isa = PBXContainerItemProxy;
			containerPortal = 301BF52D109A57CC0062928A /* CordovaLib.xcodeproj */;
			proxyType = 1;
			remoteGlobalIDString = D2AAC07D0554694100DB518D;
			remoteInfo = CordovaLib;
		};
		907D8123214C687600058A10 /* PBXContainerItemProxy */ = {
			isa = PBXContainerItemProxy;
			containerPortal = 301BF52D109A57CC0062928A /* CordovaLib.xcodeproj */;
			proxyType = 2;
			remoteGlobalIDString = C0C01EB21E3911D50056E6CB;
			remoteInfo = Cordova;
		};
/* End PBXContainerItemProxy section */

/* Begin PBXFileReference section */
		016191D2A62F4349829206C4 /* AudioToolbox.framework */ = {isa = PBXFileReference; explicitFileType = undefined; fileEncoding = 9; includeInIndex = 0; lastKnownFileType = wrapper.framework; name = AudioToolbox.framework; path = System/Library/Frameworks/AudioToolbox.framework; sourceTree = SDKROOT; };
		0207DA571B56EA530066E2B4 /* Images.xcassets */ = {isa = PBXFileReference; lastKnownFileType = folder.assetcatalog; name = Images.xcassets; path = "SNTC Rice Sourcing/Images.xcassets"; sourceTree = SOURCE_ROOT; };
		02A1DD11AF2C4251BA178E95 /* CDVWKProcessPoolFactory.m */ = {isa = PBXFileReference; explicitFileType = undefined; fileEncoding = 4; includeInIndex = 0; lastKnownFileType = sourcecode.c.objc; name = CDVWKProcessPoolFactory.m; path = "cordova-plugin-ionic-webview/CDVWKProcessPoolFactory.m"; sourceTree = "<group>"; };
		066A2B298A2148A7754882E0 /* Pods-SNTC Rice Sourcing.debug.xcconfig */ = {isa = PBXFileReference; includeInIndex = 1; lastKnownFileType = text.xcconfig; name = "Pods-SNTC Rice Sourcing.debug.xcconfig"; path = "Target Support Files/Pods-SNTC Rice Sourcing/Pods-SNTC Rice Sourcing.debug.xcconfig"; sourceTree = "<group>"; };
		09F656A3C537454EAE8E9A16 /* CardIOPaymentViewControllerDelegate.h */ = {isa = PBXFileReference; explicitFileType = undefined; fileEncoding = 4; includeInIndex = 0; lastKnownFileType = sourcecode.c.h; name = CardIOPaymentViewControllerDelegate.h; path = card.io.cordova.mobilesdk/CardIOPaymentViewControllerDelegate.h; sourceTree = "<group>"; };
		0E5B90062CE54A60B5C97708 /* CDVCamera.m */ = {isa = PBXFileReference; explicitFileType = undefined; fileEncoding = 4; includeInIndex = 0; lastKnownFileType = sourcecode.c.objc; name = CDVCamera.m; path = "cordova-plugin-camera/CDVCamera.m"; sourceTree = "<group>"; };
		107F35CF163E4B94AC8FFAD9 /* CardIOViewDelegate.h */ = {isa = PBXFileReference; explicitFileType = undefined; fileEncoding = 4; includeInIndex = 0; lastKnownFileType = sourcecode.c.h; name = CardIOViewDelegate.h; path = card.io.cordova.mobilesdk/CardIOViewDelegate.h; sourceTree = "<group>"; };
		10C7DEBBADD74194B7EB936D /* CDVJpegHeaderWriter.h */ = {isa = PBXFileReference; explicitFileType = undefined; fileEncoding = 4; includeInIndex = 0; lastKnownFileType = sourcecode.c.h; name = CDVJpegHeaderWriter.h; path = "cordova-plugin-camera/CDVJpegHeaderWriter.h"; sourceTree = "<group>"; };
		1B2F8E01512A476B968E2CE8 /* CDVWKProcessPoolFactory.h */ = {isa = PBXFileReference; explicitFileType = undefined; fileEncoding = 4; includeInIndex = 0; lastKnownFileType = sourcecode.c.h; name = CDVWKProcessPoolFactory.h; path = "cordova-plugin-ionic-webview/CDVWKProcessPoolFactory.h"; sourceTree = "<group>"; };
		1D3623240D0F684500981E51 /* AppDelegate.h */ = {isa = PBXFileReference; fileEncoding = 4; lastKnownFileType = sourcecode.c.h; path = AppDelegate.h; sourceTree = "<group>"; };
		1D3623250D0F684500981E51 /* AppDelegate.m */ = {isa = PBXFileReference; fileEncoding = 4; lastKnownFileType = sourcecode.c.objc; path = AppDelegate.m; sourceTree = "<group>"; };
		1D6058910D05DD3D006BFB54 /* SNTC Rice Sourcing.app */ = {isa = PBXFileReference; explicitFileType = wrapper.application; includeInIndex = 0; path = "SNTC Rice Sourcing.app"; sourceTree = BUILT_PRODUCTS_DIR; };
		1E37ABC42D40432CA9F8677C /* CardIOUtilities.h */ = {isa = PBXFileReference; explicitFileType = undefined; fileEncoding = 4; includeInIndex = 0; lastKnownFileType = sourcecode.c.h; name = CardIOUtilities.h; path = card.io.cordova.mobilesdk/CardIOUtilities.h; sourceTree = "<group>"; };
		1F760ABA45E341DDB0145E0D /* Foundation.framework */ = {isa = PBXFileReference; explicitFileType = undefined; fileEncoding = 9; includeInIndex = 0; lastKnownFileType = wrapper.framework; name = Foundation.framework; path = System/Library/Frameworks/Foundation.framework; sourceTree = SDKROOT; };
		212935B6ED9A4871910E2CA0 /* CDVDevice.h */ = {isa = PBXFileReference; explicitFileType = undefined; fileEncoding = 4; includeInIndex = 0; lastKnownFileType = sourcecode.c.h; name = CDVDevice.h; path = "cordova-plugin-device/CDVDevice.h"; sourceTree = "<group>"; };
		22E25DA4EBEC4866872AB945 /* CDVWKWebViewUIDelegate.m */ = {isa = PBXFileReference; explicitFileType = undefined; fileEncoding = 4; includeInIndex = 0; lastKnownFileType = sourcecode.c.objc; name = CDVWKWebViewUIDelegate.m; path = "cordova-plugin-ionic-webview/CDVWKWebViewUIDelegate.m"; sourceTree = "<group>"; };
		29B97316FDCFA39411CA2CEA /* main.m */ = {isa = PBXFileReference; fileEncoding = 4; lastKnownFileType = sourcecode.c.objc; path = main.m; sourceTree = "<group>"; };
		2CDAC96C0B0F4356AE1B79A5 /* CFNetwork.framework */ = {isa = PBXFileReference; explicitFileType = undefined; fileEncoding = 9; includeInIndex = 0; lastKnownFileType = wrapper.framework; name = CFNetwork.framework; path = System/Library/Frameworks/CFNetwork.framework; sourceTree = SDKROOT; };
		2D44F7B19653409C9FC0DC46 /* ThemeDetection.swift */ = {isa = PBXFileReference; explicitFileType = undefined; fileEncoding = 4; includeInIndex = 0; lastKnownFileType = sourcecode.swift; name = ThemeDetection.swift; path = "cordova-plugin-theme-detection/ThemeDetection.swift"; sourceTree = "<group>"; };
		2F59294295594938932F8199 /* CDVDevice.m */ = {isa = PBXFileReference; explicitFileType = undefined; fileEncoding = 4; includeInIndex = 0; lastKnownFileType = sourcecode.c.objc; name = CDVDevice.m; path = "cordova-plugin-device/CDVDevice.m"; sourceTree = "<group>"; };
		301BF52D109A57CC0062928A /* CordovaLib.xcodeproj */ = {isa = PBXFileReference; lastKnownFileType = "wrapper.pb-project"; name = CordovaLib.xcodeproj; path = CordovaLib/CordovaLib.xcodeproj; sourceTree = "<group>"; };
		301BF56E109A69640062928A /* www */ = {isa = PBXFileReference; lastKnownFileType = folder; path = www; sourceTree = SOURCE_ROOT; };
		302D95EE14D2391D003F00A1 /* MainViewController.h */ = {isa = PBXFileReference; fileEncoding = 4; lastKnownFileType = sourcecode.c.h; path = MainViewController.h; sourceTree = "<group>"; };
		302D95EF14D2391D003F00A1 /* MainViewController.m */ = {isa = PBXFileReference; fileEncoding = 4; lastKnownFileType = sourcecode.c.objc; path = MainViewController.m; sourceTree = "<group>"; };
		302D95F014D2391D003F00A1 /* MainViewController.xib */ = {isa = PBXFileReference; fileEncoding = 4; lastKnownFileType = file.xib; path = MainViewController.xib; sourceTree = "<group>"; };
		3047A50F1AB8059700498E2A /* build-debug.xcconfig */ = {isa = PBXFileReference; fileEncoding = 4; lastKnownFileType = text.xcconfig; name = "build-debug.xcconfig"; path = "cordova/build-debug.xcconfig"; sourceTree = SOURCE_ROOT; };
		3047A5101AB8059700498E2A /* build-release.xcconfig */ = {isa = PBXFileReference; fileEncoding = 4; lastKnownFileType = text.xcconfig; name = "build-release.xcconfig"; path = "cordova/build-release.xcconfig"; sourceTree = SOURCE_ROOT; };
		3047A5111AB8059700498E2A /* build.xcconfig */ = {isa = PBXFileReference; fileEncoding = 4; lastKnownFileType = text.xcconfig; name = build.xcconfig; path = cordova/build.xcconfig; sourceTree = SOURCE_ROOT; };
		319A297474164CCF875D1408 /* CDVWKWebViewUIDelegate.h */ = {isa = PBXFileReference; explicitFileType = undefined; fileEncoding = 4; includeInIndex = 0; lastKnownFileType = sourcecode.c.h; name = CDVWKWebViewUIDelegate.h; path = "cordova-plugin-ionic-webview/CDVWKWebViewUIDelegate.h"; sourceTree = "<group>"; };
		32CA4F630368D1EE00C91783 /* SNTC Rice Sourcing-Prefix.pch */ = {isa = PBXFileReference; fileEncoding = 4; lastKnownFileType = sourcecode.c.h; path = "SNTC Rice Sourcing-Prefix.pch"; sourceTree = "<group>"; };
		3854F42D7EBB419D9F5AEEB3 /* CoreTelephony.framework */ = {isa = PBXFileReference; explicitFileType = undefined; fileEncoding = 9; includeInIndex = 0; lastKnownFileType = wrapper.framework; name = CoreTelephony.framework; path = System/Library/Frameworks/CoreTelephony.framework; sourceTree = SDKROOT; };
		388B46DA0ADE4378B9378EF1 /* PayPalProfileSharingViewController.h */ = {isa = PBXFileReference; explicitFileType = undefined; fileEncoding = 4; includeInIndex = 0; lastKnownFileType = sourcecode.c.h; name = PayPalProfileSharingViewController.h; path = com.paypal.cordova.mobilesdk/PayPalProfileSharingViewController.h; sourceTree = "<group>"; };
		3A39B1F81FA043719572A13B /* PayPalPaymentViewController.h */ = {isa = PBXFileReference; explicitFileType = undefined; fileEncoding = 4; includeInIndex = 0; lastKnownFileType = sourcecode.c.h; name = PayPalPaymentViewController.h; path = com.paypal.cordova.mobilesdk/PayPalPaymentViewController.h; sourceTree = "<group>"; };
		3F76FF95FC7F470282484576 /* CardIOCordovaPlugin.h */ = {isa = PBXFileReference; explicitFileType = undefined; fileEncoding = 4; includeInIndex = 0; lastKnownFileType = sourcecode.c.h; name = CardIOCordovaPlugin.h; path = card.io.cordova.mobilesdk/CardIOCordovaPlugin.h; sourceTree = "<group>"; };
		45E9B46353E1464E8F62A1A8 /* CDVWKWebViewEngine.m */ = {isa = PBXFileReference; explicitFileType = undefined; fileEncoding = 4; includeInIndex = 0; lastKnownFileType = sourcecode.c.objc; name = CDVWKWebViewEngine.m; path = "cordova-plugin-ionic-webview/CDVWKWebViewEngine.m"; sourceTree = "<group>"; };
		477AD8776BE34B798D2C7E83 /* CDVIonicKeyboard.h */ = {isa = PBXFileReference; explicitFileType = undefined; fileEncoding = 4; includeInIndex = 0; lastKnownFileType = sourcecode.c.h; name = CDVIonicKeyboard.h; path = "cordova-plugin-ionic-keyboard/CDVIonicKeyboard.h"; sourceTree = "<group>"; };
		4D4042D37F324DAABB17D643 /* libopencv_core.a */ = {isa = PBXFileReference; explicitFileType = undefined; fileEncoding = 9; includeInIndex = 0; lastKnownFileType = archive.ar; name = libopencv_core.a; path = "SNTC Rice Sourcing/Plugins/card.io.cordova.mobilesdk/libopencv_core.a"; sourceTree = "<group>"; };
		4E9817DC03C2464593E0EB34 /* libPayPalMobile.a */ = {isa = PBXFileReference; explicitFileType = undefined; fileEncoding = 9; includeInIndex = 0; lastKnownFileType = archive.ar; path = libPayPalMobile.a; sourceTree = "<group>"; };
		50E68A9C68B44234BC5E42C3 /* SafariServices.framework */ = {isa = PBXFileReference; explicitFileType = undefined; fileEncoding = 9; includeInIndex = 0; lastKnownFileType = wrapper.framework; name = SafariServices.framework; path = System/Library/Frameworks/SafariServices.framework; sourceTree = SDKROOT; };
		51FD085279A5497C8E2FC5BA /* AppDelegate+FirebaseMessagingPlugin.h */ = {isa = PBXFileReference; explicitFileType = undefined; fileEncoding = 4; includeInIndex = 0; lastKnownFileType = sourcecode.c.h; name = "AppDelegate+FirebaseMessagingPlugin.h"; path = "cordova-plugin-firebase-messaging/AppDelegate+FirebaseMessagingPlugin.h"; sourceTree = "<group>"; };
		53EA89E6CCAF4C43A471BC25 /* PayPalOAuthScopes.h */ = {isa = PBXFileReference; explicitFileType = undefined; fileEncoding = 4; includeInIndex = 0; lastKnownFileType = sourcecode.c.h; name = PayPalOAuthScopes.h; path = com.paypal.cordova.mobilesdk/PayPalOAuthScopes.h; sourceTree = "<group>"; };
		56ACAD6887D2487B9AA4B9B1 /* libopencv_imgproc.a */ = {isa = PBXFileReference; explicitFileType = undefined; fileEncoding = 9; includeInIndex = 0; lastKnownFileType = archive.ar; name = libopencv_imgproc.a; path = "SNTC Rice Sourcing/Plugins/card.io.cordova.mobilesdk/libopencv_imgproc.a"; sourceTree = "<group>"; };
		59AC77C1576244DE8A4AE0FE /* CardIOCordovaPlugin.m */ = {isa = PBXFileReference; explicitFileType = undefined; fileEncoding = 4; includeInIndex = 0; lastKnownFileType = sourcecode.c.objc; name = CardIOCordovaPlugin.m; path = card.io.cordova.mobilesdk/CardIOCordovaPlugin.m; sourceTree = "<group>"; };
		5B83FC46198C4BBF8D3E209D /* CDVStatusBar.m */ = {isa = PBXFileReference; explicitFileType = undefined; fileEncoding = 4; includeInIndex = 0; lastKnownFileType = sourcecode.c.objc; name = CDVStatusBar.m; path = "cordova-plugin-statusbar/CDVStatusBar.m"; sourceTree = "<group>"; };
		5D0807FCF17349B18204CE73 /* SystemConfiguration.framework */ = {isa = PBXFileReference; explicitFileType = undefined; fileEncoding = 9; includeInIndex = 0; lastKnownFileType = wrapper.framework; name = SystemConfiguration.framework; path = System/Library/Frameworks/SystemConfiguration.framework; sourceTree = SDKROOT; };
		613A222D81DA4C76916819DC /* FirebaseMessagingPlugin.h */ = {isa = PBXFileReference; explicitFileType = undefined; fileEncoding = 4; includeInIndex = 0; lastKnownFileType = sourcecode.c.h; name = FirebaseMessagingPlugin.h; path = "cordova-plugin-firebase-messaging/FirebaseMessagingPlugin.h"; sourceTree = "<group>"; };
		63042BB580934DFAA37A85C1 /* UIImage+CropScaleOrientation.m */ = {isa = PBXFileReference; explicitFileType = undefined; fileEncoding = 4; includeInIndex = 0; lastKnownFileType = sourcecode.c.objc; name = "UIImage+CropScaleOrientation.m"; path = "cordova-plugin-camera/UIImage+CropScaleOrientation.m"; sourceTree = "<group>"; };
		667C25C4C0C34AD48C84FAED /* AppDelegate+FirebaseMessagingPlugin.m */ = {isa = PBXFileReference; explicitFileType = undefined; fileEncoding = 4; includeInIndex = 0; lastKnownFileType = sourcecode.c.objc; name = "AppDelegate+FirebaseMessagingPlugin.m"; path = "cordova-plugin-firebase-messaging/AppDelegate+FirebaseMessagingPlugin.m"; sourceTree = "<group>"; };
		6A5788CDC8AA8A49F47D76A1 /* Pods_SNTC_Rice_Sourcing.framework */ = {isa = PBXFileReference; explicitFileType = wrapper.framework; includeInIndex = 0; path = Pods_SNTC_Rice_Sourcing.framework; sourceTree = BUILT_PRODUCTS_DIR; };
		6AFF5BF81D6E424B00AB3073 /* CDVLaunchScreen.storyboard */ = {isa = PBXFileReference; fileEncoding = 4; lastKnownFileType = file.storyboard; name = CDVLaunchScreen.storyboard; path = "SNTC Rice Sourcing/CDVLaunchScreen.storyboard"; sourceTree = SOURCE_ROOT; };
		6BB65AF30FEF4B319029E2BD /* Main.h */ = {isa = PBXFileReference; explicitFileType = undefined; fileEncoding = 4; includeInIndex = 0; lastKnownFileType = sourcecode.c.h; name = Main.h; path = com.razorpay.cordova/Main.h; sourceTree = "<group>"; };
		6BF71AFA9227404782F5BFCD /* CDVIonicKeyboard.m */ = {isa = PBXFileReference; explicitFileType = undefined; fileEncoding = 4; includeInIndex = 0; lastKnownFileType = sourcecode.c.objc; name = CDVIonicKeyboard.m; path = "cordova-plugin-ionic-keyboard/CDVIonicKeyboard.m"; sourceTree = "<group>"; };
		6EC18CD4804747DFB66A7F17 /* OpenGLES.framework */ = {isa = PBXFileReference; explicitFileType = undefined; fileEncoding = 9; includeInIndex = 0; lastKnownFileType = wrapper.framework; name = OpenGLES.framework; path = System/Library/Frameworks/OpenGLES.framework; sourceTree = SDKROOT; };
		723379FCEBD1467B960F896D /* PayPalMobileCordovaPlugin.h */ = {isa = PBXFileReference; explicitFileType = undefined; fileEncoding = 4; includeInIndex = 0; lastKnownFileType = sourcecode.c.h; name = PayPalMobileCordovaPlugin.h; path = com.paypal.cordova.mobilesdk/PayPalMobileCordovaPlugin.h; sourceTree = "<group>"; };
		785CE408D9374D0F988B9AF2 /* CDVAssetLibraryFilesystem.h */ = {isa = PBXFileReference; explicitFileType = undefined; fileEncoding = 4; includeInIndex = 0; lastKnownFileType = sourcecode.c.h; name = CDVAssetLibraryFilesystem.h; path = "cordova-plugin-file/CDVAssetLibraryFilesystem.h"; sourceTree = "<group>"; };
		7AD05FD06BB144A9AEA1D372 /* PayPalConfiguration.h */ = {isa = PBXFileReference; explicitFileType = undefined; fileEncoding = 4; includeInIndex = 0; lastKnownFileType = sourcecode.c.h; name = PayPalConfiguration.h; path = com.paypal.cordova.mobilesdk/PayPalConfiguration.h; sourceTree = "<group>"; };
		7B0DBF43DC2F4ABBB6E1EC6D /* CDVStatusBar.h */ = {isa = PBXFileReference; explicitFileType = undefined; fileEncoding = 4; includeInIndex = 0; lastKnownFileType = sourcecode.c.h; name = CDVStatusBar.h; path = "cordova-plugin-statusbar/CDVStatusBar.h"; sourceTree = "<group>"; };
		7B89949B9E2C4AFCB9BF3FEC /* CordovaStripe.m */ = {isa = PBXFileReference; explicitFileType = undefined; fileEncoding = 4; includeInIndex = 0; lastKnownFileType = sourcecode.c.objc; name = CordovaStripe.m; path = "cordova-plugin-stripe/CordovaStripe.m"; sourceTree = "<group>"; };
		7E728B5982204937BBB962E6 /* UIImage+CropScaleOrientation.h */ = {isa = PBXFileReference; explicitFileType = undefined; fileEncoding = 4; includeInIndex = 0; lastKnownFileType = sourcecode.c.h; name = "UIImage+CropScaleOrientation.h"; path = "cordova-plugin-camera/UIImage+CropScaleOrientation.h"; sourceTree = "<group>"; };
		7EFF60FC42B242B98A1A3C1B /* CDVJpegHeaderWriter.m */ = {isa = PBXFileReference; explicitFileType = undefined; fileEncoding = 4; includeInIndex = 0; lastKnownFileType = sourcecode.c.objc; name = CDVJpegHeaderWriter.m; path = "cordova-plugin-camera/CDVJpegHeaderWriter.m"; sourceTree = "<group>"; };
		80066B52712347FDAD938CCB /* libCardIO.a */ = {isa = PBXFileReference; explicitFileType = undefined; fileEncoding = 9; includeInIndex = 0; lastKnownFileType = archive.ar; name = libCardIO.a; path = "SNTC Rice Sourcing/Plugins/card.io.cordova.mobilesdk/libCardIO.a"; sourceTree = "<group>"; };
		80172740B1C644A58707C646 /* CoreVideo.framework */ = {isa = PBXFileReference; explicitFileType = undefined; fileEncoding = 9; includeInIndex = 0; lastKnownFileType = wrapper.framework; name = CoreVideo.framework; path = System/Library/Frameworks/CoreVideo.framework; sourceTree = SDKROOT; };
		8079D6FFE2A14F4197264422 /* Stripe.framework */ = {isa = PBXFileReference; explicitFileType = undefined; fileEncoding = 9; includeInIndex = 0; lastKnownFileType = wrapper.framework; name = Stripe.framework; path = "SNTC Rice Sourcing/Plugins/cordova-plugin-stripe/Stripe.framework"; sourceTree = "<group>"; };
		81928D1BDD654E81BEB7543F /* CardIOPaymentViewController.h */ = {isa = PBXFileReference; explicitFileType = undefined; fileEncoding = 4; includeInIndex = 0; lastKnownFileType = sourcecode.c.h; name = CardIOPaymentViewController.h; path = card.io.cordova.mobilesdk/CardIOPaymentViewController.h; sourceTree = "<group>"; };
		89891FD1676A4E1784219BF6 /* AVFoundation.framework */ = {isa = PBXFileReference; explicitFileType = undefined; fileEncoding = 9; includeInIndex = 0; lastKnownFileType = wrapper.framework; name = AVFoundation.framework; path = System/Library/Frameworks/AVFoundation.framework; sourceTree = SDKROOT; };
		8D0F8CB624854522860778EF /* Main.m */ = {isa = PBXFileReference; explicitFileType = undefined; fileEncoding = 4; includeInIndex = 0; lastKnownFileType = sourcecode.c.objc; name = Main.m; path = com.razorpay.cordova/Main.m; sourceTree = "<group>"; };
		8D1107310486CEB800E47090 /* SNTC Rice Sourcing-Info.plist */ = {isa = PBXFileReference; fileEncoding = 4; lastKnownFileType = text.plist.xml; name = "SNTC Rice Sourcing-Info.plist"; path = "SNTC Rice Sourcing/SNTC Rice Sourcing-Info.plist"; plistStructureDefinitionIdentifier = "com.apple.xcode.plist.structure-definition.iphone.info-plist"; sourceTree = SOURCE_ROOT; };
		8F42DEC6DCD34E8080D15B0B /* CoreMedia.framework */ = {isa = PBXFileReference; explicitFileType = undefined; fileEncoding = 9; includeInIndex = 0; lastKnownFileType = wrapper.framework; name = CoreMedia.framework; path = System/Library/Frameworks/CoreMedia.framework; sourceTree = SDKROOT; };
		93D3FFEF2D824EA5B6C4DE02 /* CDVFile.m */ = {isa = PBXFileReference; explicitFileType = undefined; fileEncoding = 4; includeInIndex = 0; lastKnownFileType = sourcecode.c.objc; name = CDVFile.m; path = "cordova-plugin-file/CDVFile.m"; sourceTree = "<group>"; };
		98481D92D99D45FB8FBCA51E /* MessageUI.framework */ = {isa = PBXFileReference; explicitFileType = undefined; fileEncoding = 9; includeInIndex = 0; lastKnownFileType = wrapper.framework; name = MessageUI.framework; path = System/Library/Frameworks/MessageUI.framework; sourceTree = SDKROOT; };
		A2EB1069445D42D4A8BB94F1 /* ImageIO.framework */ = {isa = PBXFileReference; explicitFileType = undefined; fileEncoding = 9; includeInIndex = 0; lastKnownFileType = wrapper.framework; name = ImageIO.framework; path = System/Library/Frameworks/ImageIO.framework; sourceTree = SDKROOT; };
		A7A33F8331FF469D872FEB36 /* PayPalMobile.h */ = {isa = PBXFileReference; explicitFileType = undefined; fileEncoding = 4; includeInIndex = 0; lastKnownFileType = sourcecode.c.h; name = PayPalMobile.h; path = com.paypal.cordova.mobilesdk/PayPalMobile.h; sourceTree = "<group>"; };
		A8061EBEFCBD4233AFD94B1B /* CDVAssetLibraryFilesystem.m */ = {isa = PBXFileReference; explicitFileType = undefined; fileEncoding = 4; includeInIndex = 0; lastKnownFileType = sourcecode.c.objc; name = CDVAssetLibraryFilesystem.m; path = "cordova-plugin-file/CDVAssetLibraryFilesystem.m"; sourceTree = "<group>"; };
		AA77F0AC8020435DA71B8823 /* GoogleService-Info.plist */ = {isa = PBXFileReference; explicitFileType = undefined; fileEncoding = 4; includeInIndex = 0; lastKnownFileType = text.plist.xml; path = "GoogleService-Info.plist"; sourceTree = "<group>"; };
		ACFCC1692033439E956BD9CD /* CDVCamera.h */ = {isa = PBXFileReference; explicitFileType = undefined; fileEncoding = 4; includeInIndex = 0; lastKnownFileType = sourcecode.c.h; name = CDVCamera.h; path = "cordova-plugin-camera/CDVCamera.h"; sourceTree = "<group>"; };
		AD3EA7F392F04DE9BF8879AA /* libc++.dylib */ = {isa = PBXFileReference; explicitFileType = undefined; fileEncoding = 9; includeInIndex = 0; lastKnownFileType = "compiled.mach-o.dylib"; name = "libc++.dylib"; path = "usr/lib/libc++.dylib"; sourceTree = SDKROOT; };
		B5338D5EE1024335AD3FE7C8 /* CDVFile.h */ = {isa = PBXFileReference; explicitFileType = undefined; fileEncoding = 4; includeInIndex = 0; lastKnownFileType = sourcecode.c.h; name = CDVFile.h; path = "cordova-plugin-file/CDVFile.h"; sourceTree = "<group>"; };
		B5D4A302418540ECA09C4F5F /* CoreLocation.framework */ = {isa = PBXFileReference; explicitFileType = undefined; fileEncoding = 9; includeInIndex = 0; lastKnownFileType = wrapper.framework; name = CoreLocation.framework; path = System/Library/Frameworks/CoreLocation.framework; sourceTree = SDKROOT; };
		B69B034C8CD8B7794BC91ACE /* Pods-SNTC Rice Sourcing.release.xcconfig */ = {isa = PBXFileReference; includeInIndex = 1; lastKnownFileType = text.xcconfig; name = "Pods-SNTC Rice Sourcing.release.xcconfig"; path = "Target Support Files/Pods-SNTC Rice Sourcing/Pods-SNTC Rice Sourcing.release.xcconfig"; sourceTree = "<group>"; };
		B6B7597D2E174AA59FAE9FCC /* UIKit.framework */ = {isa = PBXFileReference; explicitFileType = undefined; fileEncoding = 9; includeInIndex = 0; lastKnownFileType = wrapper.framework; name = UIKit.framework; path = System/Library/Frameworks/UIKit.framework; sourceTree = SDKROOT; };
		B8DA03C9737B4635BDACE265 /* CDVExif.h */ = {isa = PBXFileReference; explicitFileType = undefined; fileEncoding = 4; includeInIndex = 0; lastKnownFileType = sourcecode.c.h; name = CDVExif.h; path = "cordova-plugin-camera/CDVExif.h"; sourceTree = "<group>"; };
		BECAE7F0A50B4E63969A3628 /* PayPalPayment.h */ = {isa = PBXFileReference; explicitFileType = undefined; fileEncoding = 4; includeInIndex = 0; lastKnownFileType = sourcecode.c.h; name = PayPalPayment.h; path = com.paypal.cordova.mobilesdk/PayPalPayment.h; sourceTree = "<group>"; };
		BF77AF734FF4443591950BA4 /* Accelerate.framework */ = {isa = PBXFileReference; explicitFileType = undefined; fileEncoding = 9; includeInIndex = 0; lastKnownFileType = wrapper.framework; name = Accelerate.framework; path = System/Library/Frameworks/Accelerate.framework; sourceTree = SDKROOT; };
		C6057FACC5064B9C9576F95B /* PayPalFuturePaymentViewController.h */ = {isa = PBXFileReference; explicitFileType = undefined; fileEncoding = 4; includeInIndex = 0; lastKnownFileType = sourcecode.c.h; name = PayPalFuturePaymentViewController.h; path = com.paypal.cordova.mobilesdk/PayPalFuturePaymentViewController.h; sourceTree = "<group>"; };
		CBF60307157E4F7C894C2FFF /* CDVLocalFilesystem.h */ = {isa = PBXFileReference; explicitFileType = undefined; fileEncoding = 4; includeInIndex = 0; lastKnownFileType = sourcecode.c.h; name = CDVLocalFilesystem.h; path = "cordova-plugin-file/CDVLocalFilesystem.h"; sourceTree = "<group>"; };
		CFF5EBAF09FD49D4933B4F74 /* CordovaStripe.h */ = {isa = PBXFileReference; explicitFileType = undefined; fileEncoding = 4; includeInIndex = 0; lastKnownFileType = sourcecode.c.h; name = CordovaStripe.h; path = "cordova-plugin-stripe/CordovaStripe.h"; sourceTree = "<group>"; };
		D488C5644B694EA5BFD46592 /* CDVLocalFilesystem.m */ = {isa = PBXFileReference; explicitFileType = undefined; fileEncoding = 4; includeInIndex = 0; lastKnownFileType = sourcecode.c.objc; name = CDVLocalFilesystem.m; path = "cordova-plugin-file/CDVLocalFilesystem.m"; sourceTree = "<group>"; };
		D68A05E77422461A8FCDB0EC /* IONAssetHandler.h */ = {isa = PBXFileReference; explicitFileType = undefined; fileEncoding = 4; includeInIndex = 0; lastKnownFileType = sourcecode.c.h; name = IONAssetHandler.h; path = "cordova-plugin-ionic-webview/IONAssetHandler.h"; sourceTree = "<group>"; };
		D68B4309348E45F5B40BC74D /* CardIOView.h */ = {isa = PBXFileReference; explicitFileType = undefined; fileEncoding = 4; includeInIndex = 0; lastKnownFileType = sourcecode.c.h; name = CardIOView.h; path = card.io.cordova.mobilesdk/CardIOView.h; sourceTree = "<group>"; };
		D867F65DF1D3414099678F51 /* FirebaseMessagingPlugin.m */ = {isa = PBXFileReference; explicitFileType = undefined; fileEncoding = 4; includeInIndex = 0; lastKnownFileType = sourcecode.c.objc; name = FirebaseMessagingPlugin.m; path = "cordova-plugin-firebase-messaging/FirebaseMessagingPlugin.m"; sourceTree = "<group>"; };
		DB82026C68B94094AE8B50C0 /* QuartzCore.framework */ = {isa = PBXFileReference; explicitFileType = undefined; fileEncoding = 9; includeInIndex = 0; lastKnownFileType = wrapper.framework; name = QuartzCore.framework; path = System/Library/Frameworks/QuartzCore.framework; sourceTree = SDKROOT; };
		DBF70A48C11649A582D70D8D /* Security.framework */ = {isa = PBXFileReference; explicitFileType = undefined; fileEncoding = 9; includeInIndex = 0; lastKnownFileType = wrapper.framework; name = Security.framework; path = System/Library/Frameworks/Security.framework; sourceTree = SDKROOT; };
		DF126D1C6FE7455184A7A73C /* PayPalMobileCordovaPlugin.m */ = {isa = PBXFileReference; explicitFileType = undefined; fileEncoding = 4; includeInIndex = 0; lastKnownFileType = sourcecode.c.objc; name = PayPalMobileCordovaPlugin.m; path = com.paypal.cordova.mobilesdk/PayPalMobileCordovaPlugin.m; sourceTree = "<group>"; };
		DF36DFA1650E4DB8A23C3E1B /* IONAssetHandler.m */ = {isa = PBXFileReference; explicitFileType = undefined; fileEncoding = 4; includeInIndex = 0; lastKnownFileType = sourcecode.c.objc; name = IONAssetHandler.m; path = "cordova-plugin-ionic-webview/IONAssetHandler.m"; sourceTree = "<group>"; };
		E3D02A7C394F4FC6BDB46F73 /* CardIOCreditCardInfo.h */ = {isa = PBXFileReference; explicitFileType = undefined; fileEncoding = 4; includeInIndex = 0; lastKnownFileType = sourcecode.c.h; name = CardIOCreditCardInfo.h; path = card.io.cordova.mobilesdk/CardIOCreditCardInfo.h; sourceTree = "<group>"; };
		E4451C10288F42149C7E5698 /* WebKit.framework */ = {isa = PBXFileReference; explicitFileType = undefined; fileEncoding = 9; includeInIndex = 0; lastKnownFileType = wrapper.framework; name = WebKit.framework; path = System/Library/Frameworks/WebKit.framework; sourceTree = SDKROOT; };
		E4D7794CBCB54D059994B385 /* libPayPalMobile.a */ = {isa = PBXFileReference; explicitFileType = undefined; fileEncoding = 9; includeInIndex = 0; lastKnownFileType = archive.ar; name = libPayPalMobile.a; path = "SNTC Rice Sourcing/Plugins/com.paypal.cordova.mobilesdk/libPayPalMobile.a"; sourceTree = "<group>"; };
		EB87FDF31871DA8E0020F90C /* www */ = {isa = PBXFileReference; lastKnownFileType = folder; name = www; path = ../../www; sourceTree = "<group>"; };
		EB87FDF41871DAF40020F90C /* config.xml */ = {isa = PBXFileReference; lastKnownFileType = text.xml; name = config.xml; path = ../../config.xml; sourceTree = "<group>"; };
		ED0EBBCBFBC64853820554DA /* CardIODetectionMode.h */ = {isa = PBXFileReference; explicitFileType = undefined; fileEncoding = 4; includeInIndex = 0; lastKnownFileType = sourcecode.c.h; name = CardIODetectionMode.h; path = card.io.cordova.mobilesdk/CardIODetectionMode.h; sourceTree = "<group>"; };
		ED33DF2A687741AEAF9F8254 /* Bridging-Header.h */ = {isa = PBXFileReference; fileEncoding = 4; lastKnownFileType = sourcecode.c.h; path = "Bridging-Header.h"; sourceTree = "<group>"; };
		F840E1F0165FE0F500CFE078 /* config.xml */ = {isa = PBXFileReference; lastKnownFileType = text.xml; name = config.xml; path = "SNTC Rice Sourcing/config.xml"; sourceTree = "<group>"; };
		F95DF58BBD7D4065BE07C5B5 /* CDVWKWebViewEngine.h */ = {isa = PBXFileReference; explicitFileType = undefined; fileEncoding = 4; includeInIndex = 0; lastKnownFileType = sourcecode.c.h; name = CDVWKWebViewEngine.h; path = "cordova-plugin-ionic-webview/CDVWKWebViewEngine.h"; sourceTree = "<group>"; };
		FAD031F244AC4B4983237A97 /* CardIO.h */ = {isa = PBXFileReference; explicitFileType = undefined; fileEncoding = 4; includeInIndex = 0; lastKnownFileType = sourcecode.c.h; name = CardIO.h; path = card.io.cordova.mobilesdk/CardIO.h; sourceTree = "<group>"; };
/* End PBXFileReference section */

/* Begin PBXFrameworksBuildPhase section */
		1D60588F0D05DD3D006BFB54 /* Frameworks */ = {
			isa = PBXFrameworksBuildPhase;
			buildActionMask = 2147483647;
			files = (
				301BF552109A68D80062928A /* libCordova.a in Frameworks */,
				9F45308AD687483BA909FC6D /* libCardIO.a in Frameworks */,
				A22501F3974A4217B7A9AE93 /* libopencv_core.a in Frameworks */,
				3F345A27FB2241DE8001C796 /* libopencv_imgproc.a in Frameworks */,
				F4AD634B254B4BAAAADC8FF8 /* Accelerate.framework in Frameworks */,
				20391A5EFA004A108EB84C3B /* AudioToolbox.framework in Frameworks */,
				51AC1A4A501A493D99F1EFBA /* AVFoundation.framework in Frameworks */,
				ABB2AD4397DC4E2781F4EEC6 /* CoreMedia.framework in Frameworks */,
				31A87779C31E455A9AAEFB5C /* CoreVideo.framework in Frameworks */,
				3FF54CC8C7BA4C9A8C73B94E /* Foundation.framework in Frameworks */,
				325D5B066B83455583557C5B /* OpenGLES.framework in Frameworks */,
				54CAD9FA7BB54004ABE44B55 /* QuartzCore.framework in Frameworks */,
				8E9E86E3A57C46FEAE136BEE /* Security.framework in Frameworks */,
				5831AE8A72AF44D2A0B06A2F /* UIKit.framework in Frameworks */,
				C47793AEE4E04A1E80E8199E /* libc++.dylib in Frameworks */,
				5493CE8220694293B5E2726E /* libPayPalMobile.a in Frameworks */,
				14C7956F4A8344CF87A1D00A /* CFNetwork.framework in Frameworks */,
				9CA612B538C04ACFB6C6F736 /* CoreLocation.framework in Frameworks */,
				C00A6ED1857243EAAF8FDB0E /* MessageUI.framework in Frameworks */,
				4C3A2865557B4AD397B0FAE6 /* SafariServices.framework in Frameworks */,
				7059F23B38824F438E8DC2E7 /* SystemConfiguration.framework in Frameworks */,
				11BCD22AEA83405881801BC4 /* libPayPalMobile.a in Frameworks */,
				80F8E262CA894A15925AEA11 /* CoreTelephony.framework in Frameworks */,
				CD1E4982685D4F7F8DF71090 /* ImageIO.framework in Frameworks */,
				A0E20A3B8FCF6033FC669BFE /* Pods_SNTC_Rice_Sourcing.framework in Frameworks */,
				F9A29E79F9E94A88A769A289 /* WebKit.framework in Frameworks */,
				177B3B53C4DF446586E2F8DD /* Stripe.framework in Frameworks */,
			);
			runOnlyForDeploymentPostprocessing = 0;
		};
/* End PBXFrameworksBuildPhase section */

/* Begin PBXGroup section */
		080E96DDFE201D6D7F000001 /* Classes */ = {
			isa = PBXGroup;
			children = (
				302D95EE14D2391D003F00A1 /* MainViewController.h */,
				302D95EF14D2391D003F00A1 /* MainViewController.m */,
				302D95F014D2391D003F00A1 /* MainViewController.xib */,
				1D3623240D0F684500981E51 /* AppDelegate.h */,
				1D3623250D0F684500981E51 /* AppDelegate.m */,
			);
			name = Classes;
			path = "SNTC Rice Sourcing/Classes";
			sourceTree = SOURCE_ROOT;
		};
		19C28FACFE9D520D11CA2CBB /* Products */ = {
			isa = PBXGroup;
			children = (
				1D6058910D05DD3D006BFB54 /* SNTC Rice Sourcing.app */,
			);
			name = Products;
			sourceTree = "<group>";
		};
		29B97314FDCFA39411CA2CEA /* CustomTemplate */ = {
			isa = PBXGroup;
			children = (
				EB87FDF41871DAF40020F90C /* config.xml */,
				EB87FDF31871DA8E0020F90C /* www */,
				EB87FDF11871DA420020F90C /* Staging */,
				301BF52D109A57CC0062928A /* CordovaLib.xcodeproj */,
				080E96DDFE201D6D7F000001 /* Classes */,
				307C750510C5A3420062BCA9 /* Plugins */,
				29B97315FDCFA39411CA2CEA /* Other Sources */,
				29B97317FDCFA39411CA2CEA /* Resources */,
				29B97323FDCFA39411CA2CEA /* Frameworks */,
				19C28FACFE9D520D11CA2CBB /* Products */,
				6BDB9A2B223BDAB5C273D637 /* Pods */,
			);
			name = CustomTemplate;
			sourceTree = "<group>";
		};
		29B97315FDCFA39411CA2CEA /* Other Sources */ = {
			isa = PBXGroup;
			children = (
				32CA4F630368D1EE00C91783 /* SNTC Rice Sourcing-Prefix.pch */,
				29B97316FDCFA39411CA2CEA /* main.m */,
				ED33DF2A687741AEAF9F8254 /* Bridging-Header.h */,
			);
			name = "Other Sources";
			path = "SNTC Rice Sourcing";
			sourceTree = "<group>";
		};
		29B97317FDCFA39411CA2CEA /* Resources */ = {
			isa = PBXGroup;
			children = (
				0207DA571B56EA530066E2B4 /* Images.xcassets */,
				3047A50E1AB8057F00498E2A /* config */,
				8D1107310486CEB800E47090 /* SNTC Rice Sourcing-Info.plist */,
				6AFF5BF81D6E424B00AB3073 /* CDVLaunchScreen.storyboard */,
				AA77F0AC8020435DA71B8823 /* GoogleService-Info.plist */,
			);
			name = Resources;
			path = "SNTC Rice Sourcing/Resources";
			sourceTree = "<group>";
		};
		29B97323FDCFA39411CA2CEA /* Frameworks */ = {
			isa = PBXGroup;
			children = (
				80066B52712347FDAD938CCB /* libCardIO.a */,
				4D4042D37F324DAABB17D643 /* libopencv_core.a */,
				56ACAD6887D2487B9AA4B9B1 /* libopencv_imgproc.a */,
				BF77AF734FF4443591950BA4 /* Accelerate.framework */,
				016191D2A62F4349829206C4 /* AudioToolbox.framework */,
				89891FD1676A4E1784219BF6 /* AVFoundation.framework */,
				8F42DEC6DCD34E8080D15B0B /* CoreMedia.framework */,
				80172740B1C644A58707C646 /* CoreVideo.framework */,
				1F760ABA45E341DDB0145E0D /* Foundation.framework */,
				6EC18CD4804747DFB66A7F17 /* OpenGLES.framework */,
				DB82026C68B94094AE8B50C0 /* QuartzCore.framework */,
				DBF70A48C11649A582D70D8D /* Security.framework */,
				B6B7597D2E174AA59FAE9FCC /* UIKit.framework */,
				AD3EA7F392F04DE9BF8879AA /* libc++.dylib */,
				E4D7794CBCB54D059994B385 /* libPayPalMobile.a */,
				2CDAC96C0B0F4356AE1B79A5 /* CFNetwork.framework */,
				B5D4A302418540ECA09C4F5F /* CoreLocation.framework */,
				98481D92D99D45FB8FBCA51E /* MessageUI.framework */,
				50E68A9C68B44234BC5E42C3 /* SafariServices.framework */,
				5D0807FCF17349B18204CE73 /* SystemConfiguration.framework */,
				4E9817DC03C2464593E0EB34 /* libPayPalMobile.a */,
				3854F42D7EBB419D9F5AEEB3 /* CoreTelephony.framework */,
				A2EB1069445D42D4A8BB94F1 /* ImageIO.framework */,
				6A5788CDC8AA8A49F47D76A1 /* Pods_SNTC_Rice_Sourcing.framework */,
				E4451C10288F42149C7E5698 /* WebKit.framework */,
				8079D6FFE2A14F4197264422 /* Stripe.framework */,
			);
			name = Frameworks;
			sourceTree = "<group>";
		};
		301BF52E109A57CC0062928A /* Products */ = {
			isa = PBXGroup;
			children = (
				301BF535109A57CC0062928A /* libCordova.a */,
				907D8124214C687600058A10 /* Cordova.framework */,
			);
			name = Products;
			sourceTree = "<group>";
		};
		3047A50E1AB8057F00498E2A /* config */ = {
			isa = PBXGroup;
			children = (
				3047A50F1AB8059700498E2A /* build-debug.xcconfig */,
				3047A5101AB8059700498E2A /* build-release.xcconfig */,
				3047A5111AB8059700498E2A /* build.xcconfig */,
			);
			name = config;
			sourceTree = "<group>";
		};
		307C750510C5A3420062BCA9 /* Plugins */ = {
			isa = PBXGroup;
			children = (
				59AC77C1576244DE8A4AE0FE /* CardIOCordovaPlugin.m */,
				3F76FF95FC7F470282484576 /* CardIOCordovaPlugin.h */,
				FAD031F244AC4B4983237A97 /* CardIO.h */,
				E3D02A7C394F4FC6BDB46F73 /* CardIOCreditCardInfo.h */,
				ED0EBBCBFBC64853820554DA /* CardIODetectionMode.h */,
				81928D1BDD654E81BEB7543F /* CardIOPaymentViewController.h */,
				09F656A3C537454EAE8E9A16 /* CardIOPaymentViewControllerDelegate.h */,
				1E37ABC42D40432CA9F8677C /* CardIOUtilities.h */,
				D68B4309348E45F5B40BC74D /* CardIOView.h */,
				107F35CF163E4B94AC8FFAD9 /* CardIOViewDelegate.h */,
				DF126D1C6FE7455184A7A73C /* PayPalMobileCordovaPlugin.m */,
				723379FCEBD1467B960F896D /* PayPalMobileCordovaPlugin.h */,
				7AD05FD06BB144A9AEA1D372 /* PayPalConfiguration.h */,
				C6057FACC5064B9C9576F95B /* PayPalFuturePaymentViewController.h */,
				A7A33F8331FF469D872FEB36 /* PayPalMobile.h */,
				53EA89E6CCAF4C43A471BC25 /* PayPalOAuthScopes.h */,
				BECAE7F0A50B4E63969A3628 /* PayPalPayment.h */,
				3A39B1F81FA043719572A13B /* PayPalPaymentViewController.h */,
				388B46DA0ADE4378B9378EF1 /* PayPalProfileSharingViewController.h */,
				8D0F8CB624854522860778EF /* Main.m */,
				6BB65AF30FEF4B319029E2BD /* Main.h */,
				63042BB580934DFAA37A85C1 /* UIImage+CropScaleOrientation.m */,
				0E5B90062CE54A60B5C97708 /* CDVCamera.m */,
				7EFF60FC42B242B98A1A3C1B /* CDVJpegHeaderWriter.m */,
				7E728B5982204937BBB962E6 /* UIImage+CropScaleOrientation.h */,
				ACFCC1692033439E956BD9CD /* CDVCamera.h */,
				10C7DEBBADD74194B7EB936D /* CDVJpegHeaderWriter.h */,
				B8DA03C9737B4635BDACE265 /* CDVExif.h */,
				2F59294295594938932F8199 /* CDVDevice.m */,
				212935B6ED9A4871910E2CA0 /* CDVDevice.h */,
				93D3FFEF2D824EA5B6C4DE02 /* CDVFile.m */,
				D488C5644B694EA5BFD46592 /* CDVLocalFilesystem.m */,
				A8061EBEFCBD4233AFD94B1B /* CDVAssetLibraryFilesystem.m */,
				B5338D5EE1024335AD3FE7C8 /* CDVFile.h */,
				CBF60307157E4F7C894C2FFF /* CDVLocalFilesystem.h */,
				785CE408D9374D0F988B9AF2 /* CDVAssetLibraryFilesystem.h */,
				667C25C4C0C34AD48C84FAED /* AppDelegate+FirebaseMessagingPlugin.m */,
				D867F65DF1D3414099678F51 /* FirebaseMessagingPlugin.m */,
				51FD085279A5497C8E2FC5BA /* AppDelegate+FirebaseMessagingPlugin.h */,
				613A222D81DA4C76916819DC /* FirebaseMessagingPlugin.h */,
				6BF71AFA9227404782F5BFCD /* CDVIonicKeyboard.m */,
				477AD8776BE34B798D2C7E83 /* CDVIonicKeyboard.h */,
				45E9B46353E1464E8F62A1A8 /* CDVWKWebViewEngine.m */,
				22E25DA4EBEC4866872AB945 /* CDVWKWebViewUIDelegate.m */,
				02A1DD11AF2C4251BA178E95 /* CDVWKProcessPoolFactory.m */,
				DF36DFA1650E4DB8A23C3E1B /* IONAssetHandler.m */,
				F95DF58BBD7D4065BE07C5B5 /* CDVWKWebViewEngine.h */,
				319A297474164CCF875D1408 /* CDVWKWebViewUIDelegate.h */,
				1B2F8E01512A476B968E2CE8 /* CDVWKProcessPoolFactory.h */,
				D68A05E77422461A8FCDB0EC /* IONAssetHandler.h */,
				5B83FC46198C4BBF8D3E209D /* CDVStatusBar.m */,
				7B0DBF43DC2F4ABBB6E1EC6D /* CDVStatusBar.h */,
				7B89949B9E2C4AFCB9BF3FEC /* CordovaStripe.m */,
				CFF5EBAF09FD49D4933B4F74 /* CordovaStripe.h */,
				2D44F7B19653409C9FC0DC46 /* ThemeDetection.swift */,
			);
			name = Plugins;
			path = "SNTC Rice Sourcing/Plugins";
			sourceTree = SOURCE_ROOT;
		};
		6BDB9A2B223BDAB5C273D637 /* Pods */ = {
			isa = PBXGroup;
			children = (
				066A2B298A2148A7754882E0 /* Pods-SNTC Rice Sourcing.debug.xcconfig */,
				B69B034C8CD8B7794BC91ACE /* Pods-SNTC Rice Sourcing.release.xcconfig */,
			);
			path = Pods;
			sourceTree = "<group>";
		};
		EB87FDF11871DA420020F90C /* Staging */ = {
			isa = PBXGroup;
			children = (
				F840E1F0165FE0F500CFE078 /* config.xml */,
				301BF56E109A69640062928A /* www */,
			);
			name = Staging;
			sourceTree = "<group>";
		};
/* End PBXGroup section */

/* Begin PBXNativeTarget section */
		1D6058900D05DD3D006BFB54 /* SNTC Rice Sourcing */ = {
			isa = PBXNativeTarget;
			buildConfigurationList = 1D6058960D05DD3E006BFB54 /* Build configuration list for PBXNativeTarget "SNTC Rice Sourcing" */;
			buildPhases = (
				7355BD82BC44BFB3D0E12597 /* [CP] Check Pods Manifest.lock */,
				304B58A110DAC018002A0835 /* Copy www directory */,
				1D60588D0D05DD3D006BFB54 /* Resources */,
				1D60588E0D05DD3D006BFB54 /* Sources */,
				1D60588F0D05DD3D006BFB54 /* Frameworks */,
				096DD6BD0EAD5CF256562DAA /* [CP] Embed Pods Frameworks */,
			);
			buildRules = (
			);
			dependencies = (
				301BF551109A68C00062928A /* PBXTargetDependency */,
			);
			name = "SNTC Rice Sourcing";
			productName = "SNTC Rice Sourcing";
			productReference = 1D6058910D05DD3D006BFB54 /* SNTC Rice Sourcing.app */;
			productType = "com.apple.product-type.application";
		};
/* End PBXNativeTarget section */

/* Begin PBXProject section */
		29B97313FDCFA39411CA2CEA /* Project object */ = {
			isa = PBXProject;
			attributes = {
				LastUpgradeCheck = 1130;
			};
			buildConfigurationList = C01FCF4E08A954540054247B /* Build configuration list for PBXProject "SNTC Rice Sourcing" */;
			compatibilityVersion = "Xcode 13.0";
			developmentRegion = en;
			hasScannedForEncodings = 1;
			knownRegions = (
				en,
				Base,
			);
			mainGroup = 29B97314FDCFA39411CA2CEA /* CustomTemplate */;
			productRefGroup = 19C28FACFE9D520D11CA2CBB /* Products */;
			projectDirPath = "";
			projectReferences = (
				{
					ProductGroup = 301BF52E109A57CC0062928A /* Products */;
					ProjectRef = 301BF52D109A57CC0062928A /* CordovaLib.xcodeproj */;
				},
			);
			projectRoot = "";
			targets = (
				1D6058900D05DD3D006BFB54 /* SNTC Rice Sourcing */,
			);
		};
/* End PBXProject section */

/* Begin PBXReferenceProxy section */
		301BF535109A57CC0062928A /* libCordova.a */ = {
			isa = PBXReferenceProxy;
			fileType = archive.ar;
			path = libCordova.a;
			remoteRef = 301BF534109A57CC0062928A /* PBXContainerItemProxy */;
			sourceTree = BUILT_PRODUCTS_DIR;
		};
		907D8124214C687600058A10 /* Cordova.framework */ = {
			isa = PBXReferenceProxy;
			fileType = wrapper.framework;
			path = Cordova.framework;
			remoteRef = 907D8123214C687600058A10 /* PBXContainerItemProxy */;
			sourceTree = BUILT_PRODUCTS_DIR;
		};
/* End PBXReferenceProxy section */

/* Begin PBXResourcesBuildPhase section */
		1D60588D0D05DD3D006BFB54 /* Resources */ = {
			isa = PBXResourcesBuildPhase;
			buildActionMask = 2147483647;
			files = (
				302D95F214D2391D003F00A1 /* MainViewController.xib in Resources */,
				0207DA581B56EA530066E2B4 /* Images.xcassets in Resources */,
				6AFF5BF91D6E424B00AB3073 /* CDVLaunchScreen.storyboard in Resources */,
				512148A2BDAA4D60965EA831 /* GoogleService-Info.plist in Resources */,
			);
			runOnlyForDeploymentPostprocessing = 0;
		};
/* End PBXResourcesBuildPhase section */

/* Begin PBXShellScriptBuildPhase section */
		096DD6BD0EAD5CF256562DAA /* [CP] Embed Pods Frameworks */ = {
			isa = PBXShellScriptBuildPhase;
			buildActionMask = 2147483647;
			files = (
			);
			inputFileListPaths = (
				"${PODS_ROOT}/Target Support Files/Pods-SNTC Rice Sourcing/Pods-SNTC Rice Sourcing-frameworks-${CONFIGURATION}-input-files.xcfilelist",
			);
			name = "[CP] Embed Pods Frameworks";
			outputFileListPaths = (
				"${PODS_ROOT}/Target Support Files/Pods-SNTC Rice Sourcing/Pods-SNTC Rice Sourcing-frameworks-${CONFIGURATION}-output-files.xcfilelist",
			);
			runOnlyForDeploymentPostprocessing = 0;
			shellPath = /bin/sh;
			shellScript = "\"${PODS_ROOT}/Target Support Files/Pods-SNTC Rice Sourcing/Pods-SNTC Rice Sourcing-frameworks.sh\"\n";
			showEnvVarsInLog = 0;
		};
		304B58A110DAC018002A0835 /* Copy www directory */ = {
			isa = PBXShellScriptBuildPhase;
			buildActionMask = 2147483647;
			files = (
			);
			inputPaths = (
			);
			name = "Copy www directory";
			outputPaths = (
			);
			runOnlyForDeploymentPostprocessing = 0;
			shellPath = /bin/sh;
			shellScript = "\"$SRCROOT/SNTC Rice Sourcing/Scripts/copy-www-build-step.sh\"";
			showEnvVarsInLog = 0;
		};
		7355BD82BC44BFB3D0E12597 /* [CP] Check Pods Manifest.lock */ = {
			isa = PBXShellScriptBuildPhase;
			buildActionMask = 2147483647;
			files = (
			);
			inputFileListPaths = (
			);
			inputPaths = (
				"${PODS_PODFILE_DIR_PATH}/Podfile.lock",
				"${PODS_ROOT}/Manifest.lock",
			);
			name = "[CP] Check Pods Manifest.lock";
			outputFileListPaths = (
			);
			outputPaths = (
				"$(DERIVED_FILE_DIR)/Pods-SNTC Rice Sourcing-checkManifestLockResult.txt",
			);
			runOnlyForDeploymentPostprocessing = 0;
			shellPath = /bin/sh;
			shellScript = "diff \"${PODS_PODFILE_DIR_PATH}/Podfile.lock\" \"${PODS_ROOT}/Manifest.lock\" > /dev/null\nif [ $? != 0 ] ; then\n    # print error to STDERR\n    echo \"error: The sandbox is not in sync with the Podfile.lock. Run 'pod install' or update your CocoaPods installation.\" >&2\n    exit 1\nfi\n# This output is used by Xcode 'outputs' to avoid re-running this script phase.\necho \"SUCCESS\" > \"${SCRIPT_OUTPUT_FILE_0}\"\n";
			showEnvVarsInLog = 0;
		};
/* End PBXShellScriptBuildPhase section */

/* Begin PBXSourcesBuildPhase section */
		1D60588E0D05DD3D006BFB54 /* Sources */ = {
			isa = PBXSourcesBuildPhase;
			buildActionMask = 2147483647;
			files = (
				1D60589B0D05DD56006BFB54 /* main.m in Sources */,
				1D3623260D0F684500981E51 /* AppDelegate.m in Sources */,
				302D95F114D2391D003F00A1 /* MainViewController.m in Sources */,
				8E3CBDEFC58F44B49B01D9A0 /* CardIOCordovaPlugin.m in Sources */,
				B37949943A1C479BA565E99C /* PayPalMobileCordovaPlugin.m in Sources */,
				3BDDF3A552DB493E9FE39D6B /* Main.m in Sources */,
				A6CF8E34E1F942939BF78F15 /* UIImage+CropScaleOrientation.m in Sources */,
				A204D45AD758402DBBEC9817 /* CDVCamera.m in Sources */,
				49580616BE3A414C95B69011 /* CDVJpegHeaderWriter.m in Sources */,
				36BE25E6D2E2422EACEDC583 /* CDVDevice.m in Sources */,
				112CA1C1A6AB48E8B6137FDC /* CDVFile.m in Sources */,
				C780A42E1163470C9F89CEB7 /* CDVLocalFilesystem.m in Sources */,
				FC680CC938A244659503D0C3 /* CDVAssetLibraryFilesystem.m in Sources */,
				F51C6E6592A14DFB84C9CF6E /* AppDelegate+FirebaseMessagingPlugin.m in Sources */,
				0972AA4DD2B541338C63D600 /* FirebaseMessagingPlugin.m in Sources */,
				9B0F28B50B5D497C9A90CBFB /* CDVIonicKeyboard.m in Sources */,
				43EC09DF540C419D98BA5C68 /* CDVWKWebViewEngine.m in Sources */,
				AC69A0EF5BBC4EA6A921446B /* CDVWKWebViewUIDelegate.m in Sources */,
				A446ED42F8184C3899ECA14D /* CDVWKProcessPoolFactory.m in Sources */,
				7FED471E52064E40A4D0190C /* IONAssetHandler.m in Sources */,
				32A92432534F41DF8FF751DF /* CDVStatusBar.m in Sources */,
				68C6C139BA5A4DD99E7A8180 /* CordovaStripe.m in Sources */,
				59C90E14F64748FA926B6633 /* ThemeDetection.swift in Sources */,
			);
			runOnlyForDeploymentPostprocessing = 0;
		};
/* End PBXSourcesBuildPhase section */

/* Begin PBXTargetDependency section */
		301BF551109A68C00062928A /* PBXTargetDependency */ = {
			isa = PBXTargetDependency;
			name = CordovaLib;
			targetProxy = 301BF550109A68C00062928A /* PBXContainerItemProxy */;
		};
/* End PBXTargetDependency section */

/* Begin XCBuildConfiguration section */
		1D6058940D05DD3E006BFB54 /* Debug */ = {
			isa = XCBuildConfiguration;
			baseConfigurationReference = 3047A50F1AB8059700498E2A /* build-debug.xcconfig */;
			buildSettings = {
				ALWAYS_EMBED_SWIFT_STANDARD_LIBRARIES = YES;
				ALWAYS_SEARCH_USER_PATHS = NO;
				ASSETCATALOG_COMPILER_APPICON_NAME = AppIcon;
				CLANG_ENABLE_MODULES = YES;
				CLANG_ENABLE_OBJC_ARC = YES;
				COPY_PHASE_STRIP = NO;
				CURRENT_PROJECT_VERSION = 2.0.22;
				DEVELOPMENT_TEAM = 5ZGZ3T69YH;
				FRAMEWORK_SEARCH_PATHS = (
					"$(inherited)",
					"\"SNTC Rice Sourcing/Plugins/cordova-plugin-stripe\"",
				);
				GCC_DYNAMIC_NO_PIC = NO;
				GCC_OPTIMIZATION_LEVEL = 0;
				GCC_PRECOMPILE_PREFIX_HEADER = YES;
				GCC_PREFIX_HEADER = "SNTC Rice Sourcing/SNTC Rice Sourcing-Prefix.pch";
				GCC_THUMB_SUPPORT = NO;
				GCC_VERSION = "";
				INFOPLIST_FILE = "SNTC Rice Sourcing/SNTC Rice Sourcing-Info.plist";
				IPHONEOS_DEPLOYMENT_TARGET = 15.5;
				LD_RUNPATH_SEARCH_PATHS = "@executable_path/Frameworks";
				LIBRARY_SEARCH_PATHS = (
					"$(inherited)",
					"\"$(SRCROOT)/$(TARGET_NAME)/Plugins/card.io.cordova.mobilesdk\"",
					"\"$(SRCROOT)/$(TARGET_NAME)/Plugins/card.io.cordova.mobilesdk\"",
					"\"$(SRCROOT)/$(TARGET_NAME)/Plugins/card.io.cordova.mobilesdk\"",
					"\"$(SRCROOT)/$(TARGET_NAME)/Plugins/com.paypal.cordova.mobilesdk\"",
				);
				MARKETING_VERSION = 2.0.22;
				PRODUCT_BUNDLE_IDENTIFIER = app.sntcrice.sourcing;
				PRODUCT_NAME = "$(TARGET_NAME)";
				SWIFT_OBJC_BRIDGING_HEADER = "$(PROJECT_DIR)/$(PROJECT_NAME)/Bridging-Header.h";
				SWIFT_OPTIMIZATION_LEVEL = "-Onone";
				SWIFT_VERSION = 4.0;
				TARGETED_DEVICE_FAMILY = "1,2";
				VALIDATE_WORKSPACE = NO;
			};
			name = Debug;
		};
		1D6058950D05DD3E006BFB54 /* Release */ = {
			isa = XCBuildConfiguration;
			baseConfigurationReference = 3047A5101AB8059700498E2A /* build-release.xcconfig */;
			buildSettings = {
				ALWAYS_EMBED_SWIFT_STANDARD_LIBRARIES = YES;
				ALWAYS_SEARCH_USER_PATHS = NO;
				ASSETCATALOG_COMPILER_APPICON_NAME = AppIcon;
				CLANG_ENABLE_MODULES = YES;
				CLANG_ENABLE_OBJC_ARC = YES;
				CODE_SIGN_IDENTITY = "Apple Development";
				CODE_SIGN_STYLE = Automatic;
				COPY_PHASE_STRIP = YES;
				CURRENT_PROJECT_VERSION = 2.0.22;
				DEVELOPMENT_TEAM = 5ZGZ3T69YH;
				FRAMEWORK_SEARCH_PATHS = (
					"$(inherited)",
					"\"SNTC Rice Sourcing/Plugins/cordova-plugin-stripe\"",
				);
				GCC_PRECOMPILE_PREFIX_HEADER = YES;
				GCC_PREFIX_HEADER = "SNTC Rice Sourcing/SNTC Rice Sourcing-Prefix.pch";
				GCC_THUMB_SUPPORT = NO;
				GCC_VERSION = "";
				INFOPLIST_FILE = "SNTC Rice Sourcing/SNTC Rice Sourcing-Info.plist";
				IPHONEOS_DEPLOYMENT_TARGET = 15.5;
				LD_RUNPATH_SEARCH_PATHS = "@executable_path/Frameworks";
				LIBRARY_SEARCH_PATHS = (
					"$(inherited)",
					"\"$(SRCROOT)/$(TARGET_NAME)/Plugins/card.io.cordova.mobilesdk\"",
					"\"$(SRCROOT)/$(TARGET_NAME)/Plugins/card.io.cordova.mobilesdk\"",
					"\"$(SRCROOT)/$(TARGET_NAME)/Plugins/card.io.cordova.mobilesdk\"",
					"\"$(SRCROOT)/$(TARGET_NAME)/Plugins/com.paypal.cordova.mobilesdk\"",
				);
				MARKETING_VERSION = 2.0.22;
				PRODUCT_BUNDLE_IDENTIFIER = app.sntcrice.sourcing;
				PRODUCT_NAME = "$(TARGET_NAME)";
				PROVISIONING_PROFILE_SPECIFIER = "";
				SWIFT_OBJC_BRIDGING_HEADER = "$(PROJECT_DIR)/$(PROJECT_NAME)/Bridging-Header.h";
				SWIFT_VERSION = 4.0;
				TARGETED_DEVICE_FAMILY = "1,2";
				VALIDATE_WORKSPACE = NO;
			};
			name = Release;
		};
		C01FCF4F08A954540054247B /* Debug */ = {
			isa = XCBuildConfiguration;
			baseConfigurationReference = 3047A5111AB8059700498E2A /* build.xcconfig */;
			buildSettings = {
				ALWAYS_EMBED_SWIFT_STANDARD_LIBRARIES = YES;
				CLANG_ANALYZER_LOCALIZABILITY_NONLOCALIZED = YES;
				CLANG_ENABLE_MODULES = YES;
				CLANG_ENABLE_OBJC_ARC = YES;
				CLANG_WARN_BLOCK_CAPTURE_AUTORELEASING = YES;
				CLANG_WARN_BOOL_CONVERSION = YES;
				CLANG_WARN_COMMA = YES;
				CLANG_WARN_CONSTANT_CONVERSION = YES;
				CLANG_WARN_DEPRECATED_OBJC_IMPLEMENTATIONS = YES;
				CLANG_WARN_EMPTY_BODY = YES;
				CLANG_WARN_ENUM_CONVERSION = YES;
				CLANG_WARN_INFINITE_RECURSION = YES;
				CLANG_WARN_INT_CONVERSION = YES;
				CLANG_WARN_NON_LITERAL_NULL_CONVERSION = YES;
				CLANG_WARN_OBJC_IMPLICIT_RETAIN_SELF = YES;
				CLANG_WARN_OBJC_LITERAL_CONVERSION = YES;
				CLANG_WARN_RANGE_LOOP_ANALYSIS = YES;
				CLANG_WARN_STRICT_PROTOTYPES = YES;
				CLANG_WARN_SUSPICIOUS_MOVE = YES;
				CLANG_WARN_UNREACHABLE_CODE = YES;
				CLANG_WARN__DUPLICATE_METHOD_MATCH = YES;
				ENABLE_STRICT_OBJC_MSGSEND = YES;
				ENABLE_TESTABILITY = YES;
				GCC_C_LANGUAGE_STANDARD = c99;
				GCC_NO_COMMON_BLOCKS = YES;
				GCC_THUMB_SUPPORT = NO;
				GCC_VERSION = "";
				GCC_WARN_64_TO_32_BIT_CONVERSION = YES;
				GCC_WARN_ABOUT_RETURN_TYPE = YES;
				GCC_WARN_UNDECLARED_SELECTOR = YES;
				GCC_WARN_UNINITIALIZED_AUTOS = YES;
				GCC_WARN_UNUSED_FUNCTION = YES;
				GCC_WARN_UNUSED_VARIABLE = YES;
				IPHONEOS_DEPLOYMENT_TARGET = 11.0;
				ONLY_ACTIVE_ARCH = YES;
				SDKROOT = iphoneos;
				SKIP_INSTALL = NO;
				SWIFT_OBJC_BRIDGING_HEADER = "$(PROJECT_DIR)/$(PROJECT_NAME)/Bridging-Header.h";
				SWIFT_OPTIMIZATION_LEVEL = "-Onone";
				SWIFT_VERSION = 4.0;
				WK_WEB_VIEW_ONLY = 1;
			};
			name = Debug;
		};
		C01FCF5008A954540054247B /* Release */ = {
			isa = XCBuildConfiguration;
			baseConfigurationReference = 3047A5111AB8059700498E2A /* build.xcconfig */;
			buildSettings = {
				ALWAYS_EMBED_SWIFT_STANDARD_LIBRARIES = YES;
				CLANG_ANALYZER_LOCALIZABILITY_NONLOCALIZED = YES;
				CLANG_ENABLE_MODULES = YES;
				CLANG_ENABLE_OBJC_ARC = YES;
				CLANG_WARN_BLOCK_CAPTURE_AUTORELEASING = YES;
				CLANG_WARN_BOOL_CONVERSION = YES;
				CLANG_WARN_COMMA = YES;
				CLANG_WARN_CONSTANT_CONVERSION = YES;
				CLANG_WARN_DEPRECATED_OBJC_IMPLEMENTATIONS = YES;
				CLANG_WARN_EMPTY_BODY = YES;
				CLANG_WARN_ENUM_CONVERSION = YES;
				CLANG_WARN_INFINITE_RECURSION = YES;
				CLANG_WARN_INT_CONVERSION = YES;
				CLANG_WARN_NON_LITERAL_NULL_CONVERSION = YES;
				CLANG_WARN_OBJC_IMPLICIT_RETAIN_SELF = YES;
				CLANG_WARN_OBJC_LITERAL_CONVERSION = YES;
				CLANG_WARN_RANGE_LOOP_ANALYSIS = YES;
				CLANG_WARN_STRICT_PROTOTYPES = YES;
				CLANG_WARN_SUSPICIOUS_MOVE = YES;
				CLANG_WARN_UNREACHABLE_CODE = YES;
				CLANG_WARN__DUPLICATE_METHOD_MATCH = YES;
				ENABLE_STRICT_OBJC_MSGSEND = YES;
				GCC_C_LANGUAGE_STANDARD = c99;
				GCC_NO_COMMON_BLOCKS = YES;
				GCC_THUMB_SUPPORT = NO;
				GCC_VERSION = "";
				GCC_WARN_64_TO_32_BIT_CONVERSION = YES;
				GCC_WARN_ABOUT_RETURN_TYPE = YES;
				GCC_WARN_UNDECLARED_SELECTOR = YES;
				GCC_WARN_UNINITIALIZED_AUTOS = YES;
				GCC_WARN_UNUSED_FUNCTION = YES;
				GCC_WARN_UNUSED_VARIABLE = YES;
				IPHONEOS_DEPLOYMENT_TARGET = 11.0;
				SDKROOT = iphoneos;
				SKIP_INSTALL = NO;
				SWIFT_OBJC_BRIDGING_HEADER = "$(PROJECT_DIR)/$(PROJECT_NAME)/Bridging-Header.h";
				SWIFT_VERSION = 4.0;
				WK_WEB_VIEW_ONLY = 1;
			};
			name = Release;
		};
/* End XCBuildConfiguration section */

/* Begin XCConfigurationList section */
		1D6058960D05DD3E006BFB54 /* Build configuration list for PBXNativeTarget "SNTC Rice Sourcing" */ = {
			isa = XCConfigurationList;
			buildConfigurations = (
				1D6058940D05DD3E006BFB54 /* Debug */,
				1D6058950D05DD3E006BFB54 /* Release */,
			);
			defaultConfigurationIsVisible = 0;
			defaultConfigurationName = Release;
		};
		C01FCF4E08A954540054247B /* Build configuration list for PBXProject "SNTC Rice Sourcing" */ = {
			isa = XCConfigurationList;
			buildConfigurations = (
				C01FCF4F08A954540054247B /* Debug */,
				C01FCF5008A954540054247B /* Release */,
			);
			defaultConfigurationIsVisible = 0;
			defaultConfigurationName = Release;
		};
/* End XCConfigurationList section */
	};
	rootObject = 29B97313FDCFA39411CA2CEA /* Project object */;
}
